// !$*UTF8*$!
{
	archiveVersion = 1;
	classes = {
	};
	objectVersion = 46;
	objects = {

/* Begin PBXBuildFile section */
		139C3462185B1AC300DB2849 /* BaiduSocialShare_Internal.framework in Frameworks */ = {isa = PBXBuildFile; fileRef = 139C3451185B1AC300DB2849 /* BaiduSocialShare_Internal.framework */; };
		139C3463185B1AC300DB2849 /* BaiduSocialShareSource.bundle in Resources */ = {isa = PBXBuildFile; fileRef = 139C3452185B1AC300DB2849 /* BaiduSocialShareSource.bundle */; };
		139C3464185B1AC300DB2849 /* TencentOpenAPI in Frameworks */ = {isa = PBXBuildFile; fileRef = 139C345A185B1AC300DB2849 /* TencentOpenAPI */; };
		139C3465185B1AC300DB2849 /* libWeiboSDK in Frameworks */ = {isa = PBXBuildFile; fileRef = 139C345C185B1AC300DB2849 /* libWeiboSDK */; };
		139C3466185B1AC300DB2849 /* libWeChatSDK in Frameworks */ = {isa = PBXBuildFile; fileRef = 139C345F185B1AC300DB2849 /* libWeChatSDK */; };
		139C3468185B1B2A00DB2849 /* CoreLocation.framework in Frameworks */ = {isa = PBXBuildFile; fileRef = 139C3467185B1B2A00DB2849 /* CoreLocation.framework */; };
		139C346A185B1B3100DB2849 /* libz.dylib in Frameworks */ = {isa = PBXBuildFile; fileRef = 139C3469185B1B3100DB2849 /* libz.dylib */; };
		139C346E185B1C3300DB2849 /* LocationHelper.m in Sources */ = {isa = PBXBuildFile; fileRef = 139C346D185B1C3300DB2849 /* LocationHelper.m */; };
		139C3472185B22AC00DB2849 /* CoreTelephony.framework in Frameworks */ = {isa = PBXBuildFile; fileRef = 139C3471185B22AC00DB2849 /* CoreTelephony.framework */; };
		139C3474185B22B400DB2849 /* libsqlite3.dylib in Frameworks */ = {isa = PBXBuildFile; fileRef = 139C3473185B22B400DB2849 /* libsqlite3.dylib */; };
		139C3476185B22CA00DB2849 /* libstdc++.dylib in Frameworks */ = {isa = PBXBuildFile; fileRef = 139C3475185B22CA00DB2849 /* libstdc++.dylib */; };
		139C34A4185B23FB00DB2849 /* libbaidumapapi.a in Frameworks */ = {isa = PBXBuildFile; fileRef = 139C34A2185B23FB00DB2849 /* libbaidumapapi.a */; };
		139C34A5185B23FB00DB2849 /* mapapi.bundle in Resources */ = {isa = PBXBuildFile; fileRef = 139C34A3185B23FB00DB2849 /* mapapi.bundle */; };
		7284046D885B4B75A25D2FDA /* libPods.a in Frameworks */ = {isa = PBXBuildFile; fileRef = 4812EEBBE7B54B4B9D8D5A0C /* libPods.a */; };
		8E9620CB185AB4A40059B468 /* ChartViewController.m in Sources */ = {isa = PBXBuildFile; fileRef = 8E9620CA185AB4A40059B468 /* ChartViewController.m */; };
		8E9620E6185ADB220059B468 /* JBChartTableCell.m in Sources */ = {isa = PBXBuildFile; fileRef = 8E9620DD185ADB220059B468 /* JBChartTableCell.m */; };
		8E9620E7185ADB220059B468 /* JBBarChartFooterView.m in Sources */ = {isa = PBXBuildFile; fileRef = 8E9620E0185ADB220059B468 /* JBBarChartFooterView.m */; };
		8E9620E8185ADB220059B468 /* JBLineChartFooterView.m in Sources */ = {isa = PBXBuildFile; fileRef = 8E9620E2185ADB220059B468 /* JBLineChartFooterView.m */; };
		8E9620E9185ADB220059B468 /* JBChartHeaderView.m in Sources */ = {isa = PBXBuildFile; fileRef = 8E9620E5185ADB220059B468 /* JBChartHeaderView.m */; };
		8E9620ED185ADB410059B468 /* JBChartInformationView.m in Sources */ = {isa = PBXBuildFile; fileRef = 8E9620EC185ADB410059B468 /* JBChartInformationView.m */; };
		8E962105185ADB8B0059B468 /* JBBaseNavigationController.m in Sources */ = {isa = PBXBuildFile; fileRef = 8E9620F7185ADB8B0059B468 /* JBBaseNavigationController.m */; };
		8E962106185ADB8B0059B468 /* JBBaseTableViewController.m in Sources */ = {isa = PBXBuildFile; fileRef = 8E9620F9185ADB8B0059B468 /* JBBaseTableViewController.m */; };
		8E962107185ADB8B0059B468 /* JBBaseViewController.m in Sources */ = {isa = PBXBuildFile; fileRef = 8E9620FB185ADB8B0059B468 /* JBBaseViewController.m */; };
		8E962108185ADB8B0059B468 /* JBBarChartViewController.m in Sources */ = {isa = PBXBuildFile; fileRef = 8E9620FD185ADB8B0059B468 /* JBBarChartViewController.m */; };
		8E962109185ADB8B0059B468 /* JBChartListViewController.m in Sources */ = {isa = PBXBuildFile; fileRef = 8E9620FF185ADB8B0059B468 /* JBChartListViewController.m */; };
		8E96210A185ADB8B0059B468 /* JBLineChartViewController.m in Sources */ = {isa = PBXBuildFile; fileRef = 8E962101185ADB8B0059B468 /* JBLineChartViewController.m */; };
		8ED9362318599BE9005DA655 /* Foundation.framework in Frameworks */ = {isa = PBXBuildFile; fileRef = 8ED9362218599BE9005DA655 /* Foundation.framework */; };
		8ED9362518599BE9005DA655 /* CoreGraphics.framework in Frameworks */ = {isa = PBXBuildFile; fileRef = 8ED9362418599BE9005DA655 /* CoreGraphics.framework */; };
		8ED9362718599BE9005DA655 /* UIKit.framework in Frameworks */ = {isa = PBXBuildFile; fileRef = 8ED9362618599BE9005DA655 /* UIKit.framework */; };
		8ED9362D18599BE9005DA655 /* InfoPlist.strings in Resources */ = {isa = PBXBuildFile; fileRef = 8ED9362B18599BE9005DA655 /* InfoPlist.strings */; };
		8ED9362F18599BE9005DA655 /* main.m in Sources */ = {isa = PBXBuildFile; fileRef = 8ED9362E18599BE9005DA655 /* main.m */; };
		8ED9363318599BE9005DA655 /* AppDelegate.m in Sources */ = {isa = PBXBuildFile; fileRef = 8ED9363218599BE9005DA655 /* AppDelegate.m */; };
		8ED9363618599BE9005DA655 /* Main.storyboard in Resources */ = {isa = PBXBuildFile; fileRef = 8ED9363418599BE9005DA655 /* Main.storyboard */; };
		8ED9363918599BE9005DA655 /* ViewController.m in Sources */ = {isa = PBXBuildFile; fileRef = 8ED9363818599BE9005DA655 /* ViewController.m */; };
		8ED9363B18599BE9005DA655 /* Images.xcassets in Resources */ = {isa = PBXBuildFile; fileRef = 8ED9363A18599BE9005DA655 /* Images.xcassets */; };
		8ED9364218599BE9005DA655 /* XCTest.framework in Frameworks */ = {isa = PBXBuildFile; fileRef = 8ED9364118599BE9005DA655 /* XCTest.framework */; };
		8ED9364318599BE9005DA655 /* Foundation.framework in Frameworks */ = {isa = PBXBuildFile; fileRef = 8ED9362218599BE9005DA655 /* Foundation.framework */; };
		8ED9364418599BE9005DA655 /* UIKit.framework in Frameworks */ = {isa = PBXBuildFile; fileRef = 8ED9362618599BE9005DA655 /* UIKit.framework */; };
		8ED9364C18599BE9005DA655 /* InfoPlist.strings in Resources */ = {isa = PBXBuildFile; fileRef = 8ED9364A18599BE9005DA655 /* InfoPlist.strings */; };
		8ED9364E18599BE9005DA655 /* PM250Tests.m in Sources */ = {isa = PBXBuildFile; fileRef = 8ED9364D18599BE9005DA655 /* PM250Tests.m */; };
/* End PBXBuildFile section */

/* Begin PBXContainerItemProxy section */
		8ED9364518599BE9005DA655 /* PBXContainerItemProxy */ = {
			isa = PBXContainerItemProxy;
			containerPortal = 8ED9361718599BE9005DA655 /* Project object */;
			proxyType = 1;
			remoteGlobalIDString = 8ED9361E18599BE9005DA655;
			remoteInfo = PM250;
		};
/* End PBXContainerItemProxy section */

/* Begin PBXFileReference section */
		139C3451185B1AC300DB2849 /* BaiduSocialShare_Internal.framework */ = {isa = PBXFileReference; lastKnownFileType = wrapper.framework; path = BaiduSocialShare_Internal.framework; sourceTree = "<group>"; };
		139C3452185B1AC300DB2849 /* BaiduSocialShareSource.bundle */ = {isa = PBXFileReference; lastKnownFileType = "wrapper.plug-in"; path = BaiduSocialShareSource.bundle; sourceTree = "<group>"; };
		139C3454185B1AC300DB2849 /* QQApi.h */ = {isa = PBXFileReference; fileEncoding = 4; lastKnownFileType = sourcecode.c.h; path = QQApi.h; sourceTree = "<group>"; };
		139C3455185B1AC300DB2849 /* QQApiInterface.h */ = {isa = PBXFileReference; fileEncoding = 4; lastKnownFileType = sourcecode.c.h; path = QQApiInterface.h; sourceTree = "<group>"; };
		139C3456185B1AC300DB2849 /* QQApiInterfaceObject.h */ = {isa = PBXFileReference; fileEncoding = 4; lastKnownFileType = sourcecode.c.h; path = QQApiInterfaceObject.h; sourceTree = "<group>"; };
		139C3457185B1AC300DB2849 /* sdkdef.h */ = {isa = PBXFileReference; fileEncoding = 4; lastKnownFileType = sourcecode.c.h; path = sdkdef.h; sourceTree = "<group>"; };
		139C3458185B1AC300DB2849 /* TencentOAuth.h */ = {isa = PBXFileReference; fileEncoding = 4; lastKnownFileType = sourcecode.c.h; path = TencentOAuth.h; sourceTree = "<group>"; };
		139C3459185B1AC300DB2849 /* TencentOAuthObject.h */ = {isa = PBXFileReference; fileEncoding = 4; lastKnownFileType = sourcecode.c.h; path = TencentOAuthObject.h; sourceTree = "<group>"; };
		139C345A185B1AC300DB2849 /* TencentOpenAPI */ = {isa = PBXFileReference; lastKnownFileType = archive.ar; path = TencentOpenAPI; sourceTree = "<group>"; };
		139C345C185B1AC300DB2849 /* libWeiboSDK */ = {isa = PBXFileReference; lastKnownFileType = archive.ar; path = libWeiboSDK; sourceTree = "<group>"; };
		139C345D185B1AC300DB2849 /* WeiboSDK.h */ = {isa = PBXFileReference; fileEncoding = 4; lastKnownFileType = sourcecode.c.h; path = WeiboSDK.h; sourceTree = "<group>"; };
		139C345F185B1AC300DB2849 /* libWeChatSDK */ = {isa = PBXFileReference; lastKnownFileType = archive.ar; path = libWeChatSDK; sourceTree = "<group>"; };
		139C3460185B1AC300DB2849 /* WXApi.h */ = {isa = PBXFileReference; fileEncoding = 4; lastKnownFileType = sourcecode.c.h; path = WXApi.h; sourceTree = "<group>"; };
		139C3461185B1AC300DB2849 /* WXApiObject.h */ = {isa = PBXFileReference; fileEncoding = 4; lastKnownFileType = sourcecode.c.h; path = WXApiObject.h; sourceTree = "<group>"; };
		139C3467185B1B2A00DB2849 /* CoreLocation.framework */ = {isa = PBXFileReference; lastKnownFileType = wrapper.framework; name = CoreLocation.framework; path = System/Library/Frameworks/CoreLocation.framework; sourceTree = SDKROOT; };
		139C3469185B1B3100DB2849 /* libz.dylib */ = {isa = PBXFileReference; lastKnownFileType = "compiled.mach-o.dylib"; name = libz.dylib; path = usr/lib/libz.dylib; sourceTree = SDKROOT; };
		139C346C185B1C3300DB2849 /* LocationHelper.h */ = {isa = PBXFileReference; fileEncoding = 4; lastKnownFileType = sourcecode.c.h; path = LocationHelper.h; sourceTree = "<group>"; };
		139C346D185B1C3300DB2849 /* LocationHelper.m */ = {isa = PBXFileReference; fileEncoding = 4; lastKnownFileType = sourcecode.c.objc; path = LocationHelper.m; sourceTree = "<group>"; };
		139C3470185B1F9300DB2849 /* CommonConfig.h */ = {isa = PBXFileReference; fileEncoding = 4; lastKnownFileType = sourcecode.c.h; path = CommonConfig.h; sourceTree = "<group>"; };
		139C3471185B22AC00DB2849 /* CoreTelephony.framework */ = {isa = PBXFileReference; lastKnownFileType = wrapper.framework; name = CoreTelephony.framework; path = System/Library/Frameworks/CoreTelephony.framework; sourceTree = SDKROOT; };
		139C3473185B22B400DB2849 /* libsqlite3.dylib */ = {isa = PBXFileReference; lastKnownFileType = "compiled.mach-o.dylib"; name = libsqlite3.dylib; path = usr/lib/libsqlite3.dylib; sourceTree = SDKROOT; };
		139C3475185B22CA00DB2849 /* libstdc++.dylib */ = {isa = PBXFileReference; lastKnownFileType = "compiled.mach-o.dylib"; name = "libstdc++.dylib"; path = "usr/lib/libstdc++.dylib"; sourceTree = SDKROOT; };
		139C3479185B23FB00DB2849 /* BMapKit.h */ = {isa = PBXFileReference; fileEncoding = 4; lastKnownFileType = sourcecode.c.h; path = BMapKit.h; sourceTree = "<group>"; };
		139C347A185B23FB00DB2849 /* BMKActionPaopaoView.h */ = {isa = PBXFileReference; fileEncoding = 4; lastKnownFileType = sourcecode.c.h; path = BMKActionPaopaoView.h; sourceTree = "<group>"; };
		139C347B185B23FB00DB2849 /* BMKAnnotation.h */ = {isa = PBXFileReference; fileEncoding = 4; lastKnownFileType = sourcecode.c.h; path = BMKAnnotation.h; sourceTree = "<group>"; };
		139C347C185B23FB00DB2849 /* BMKAnnotationView.h */ = {isa = PBXFileReference; fileEncoding = 4; lastKnownFileType = sourcecode.c.h; path = BMKAnnotationView.h; sourceTree = "<group>"; };
		139C347D185B23FB00DB2849 /* BMKArcline.h */ = {isa = PBXFileReference; fileEncoding = 4; lastKnownFileType = sourcecode.c.h; path = BMKArcline.h; sourceTree = "<group>"; };
		139C347E185B23FB00DB2849 /* BMKArclineView.h */ = {isa = PBXFileReference; fileEncoding = 4; lastKnownFileType = sourcecode.c.h; path = BMKArclineView.h; sourceTree = "<group>"; };
		139C347F185B23FB00DB2849 /* BMKCircle.h */ = {isa = PBXFileReference; fileEncoding = 4; lastKnownFileType = sourcecode.c.h; path = BMKCircle.h; sourceTree = "<group>"; };
		139C3480185B23FB00DB2849 /* BMKCircleView.h */ = {isa = PBXFileReference; fileEncoding = 4; lastKnownFileType = sourcecode.c.h; path = BMKCircleView.h; sourceTree = "<group>"; };
		139C3481185B23FB00DB2849 /* BMKCloudPOIList.h */ = {isa = PBXFileReference; fileEncoding = 4; lastKnownFileType = sourcecode.c.h; path = BMKCloudPOIList.h; sourceTree = "<group>"; };
		139C3482185B23FB00DB2849 /* BMKCloudSearch.h */ = {isa = PBXFileReference; fileEncoding = 4; lastKnownFileType = sourcecode.c.h; path = BMKCloudSearch.h; sourceTree = "<group>"; };
		139C3483185B23FB00DB2849 /* BMKCloudSearchInfo.h */ = {isa = PBXFileReference; fileEncoding = 4; lastKnownFileType = sourcecode.c.h; path = BMKCloudSearchInfo.h; sourceTree = "<group>"; };
		139C3484185B23FB00DB2849 /* BMKGeneralDelegate.h */ = {isa = PBXFileReference; fileEncoding = 4; lastKnownFileType = sourcecode.c.h; path = BMKGeneralDelegate.h; sourceTree = "<group>"; };
		139C3485185B23FB00DB2849 /* BMKGeocodeType.h */ = {isa = PBXFileReference; fileEncoding = 4; lastKnownFileType = sourcecode.c.h; path = BMKGeocodeType.h; sourceTree = "<group>"; };
		139C3486185B23FB00DB2849 /* BMKGeometry.h */ = {isa = PBXFileReference; fileEncoding = 4; lastKnownFileType = sourcecode.c.h; path = BMKGeometry.h; sourceTree = "<group>"; };
		139C3487185B23FB00DB2849 /* BMKGroundOverlay.h */ = {isa = PBXFileReference; fileEncoding = 4; lastKnownFileType = sourcecode.c.h; path = BMKGroundOverlay.h; sourceTree = "<group>"; };
		139C3488185B23FB00DB2849 /* BMKGroundOverlayView.h */ = {isa = PBXFileReference; fileEncoding = 4; lastKnownFileType = sourcecode.c.h; path = BMKGroundOverlayView.h; sourceTree = "<group>"; };
		139C3489185B23FB00DB2849 /* BMKLocationViewDisplayParam.h */ = {isa = PBXFileReference; fileEncoding = 4; lastKnownFileType = sourcecode.c.h; path = BMKLocationViewDisplayParam.h; sourceTree = "<group>"; };
		139C348A185B23FB00DB2849 /* BMKMapManager.h */ = {isa = PBXFileReference; fileEncoding = 4; lastKnownFileType = sourcecode.c.h; path = BMKMapManager.h; sourceTree = "<group>"; };
		139C348B185B23FB00DB2849 /* BMKMapStatus.h */ = {isa = PBXFileReference; fileEncoding = 4; lastKnownFileType = sourcecode.c.h; path = BMKMapStatus.h; sourceTree = "<group>"; };
		139C348C185B23FB00DB2849 /* BMKMapView.h */ = {isa = PBXFileReference; fileEncoding = 4; lastKnownFileType = sourcecode.c.h; path = BMKMapView.h; sourceTree = "<group>"; };
		139C348D185B23FB00DB2849 /* BMKMultiPoint.h */ = {isa = PBXFileReference; fileEncoding = 4; lastKnownFileType = sourcecode.c.h; path = BMKMultiPoint.h; sourceTree = "<group>"; };
		139C348E185B23FB00DB2849 /* BMKNavigation.h */ = {isa = PBXFileReference; fileEncoding = 4; lastKnownFileType = sourcecode.c.h; path = BMKNavigation.h; sourceTree = "<group>"; };
		139C348F185B23FB00DB2849 /* BMKOfflineMap.h */ = {isa = PBXFileReference; fileEncoding = 4; lastKnownFileType = sourcecode.c.h; path = BMKOfflineMap.h; sourceTree = "<group>"; };
		139C3490185B23FB00DB2849 /* BMKOfflineMapType.h */ = {isa = PBXFileReference; fileEncoding = 4; lastKnownFileType = sourcecode.c.h; path = BMKOfflineMapType.h; sourceTree = "<group>"; };
		139C3491185B23FB00DB2849 /* BMKOverlay.h */ = {isa = PBXFileReference; fileEncoding = 4; lastKnownFileType = sourcecode.c.h; path = BMKOverlay.h; sourceTree = "<group>"; };
		139C3492185B23FB00DB2849 /* BMKOverlayPathView.h */ = {isa = PBXFileReference; fileEncoding = 4; lastKnownFileType = sourcecode.c.h; path = BMKOverlayPathView.h; sourceTree = "<group>"; };
		139C3493185B23FB00DB2849 /* BMKOverlayView.h */ = {isa = PBXFileReference; fileEncoding = 4; lastKnownFileType = sourcecode.c.h; path = BMKOverlayView.h; sourceTree = "<group>"; };
		139C3494185B23FB00DB2849 /* BMKPinAnnotationView.h */ = {isa = PBXFileReference; fileEncoding = 4; lastKnownFileType = sourcecode.c.h; path = BMKPinAnnotationView.h; sourceTree = "<group>"; };
		139C3495185B23FB00DB2849 /* BMKPointAnnotation.h */ = {isa = PBXFileReference; fileEncoding = 4; lastKnownFileType = sourcecode.c.h; path = BMKPointAnnotation.h; sourceTree = "<group>"; };
		139C3496185B23FB00DB2849 /* BMKPoiSearchType.h */ = {isa = PBXFileReference; fileEncoding = 4; lastKnownFileType = sourcecode.c.h; path = BMKPoiSearchType.h; sourceTree = "<group>"; };
		139C3497185B23FB00DB2849 /* BMKPolygon.h */ = {isa = PBXFileReference; fileEncoding = 4; lastKnownFileType = sourcecode.c.h; path = BMKPolygon.h; sourceTree = "<group>"; };
		139C3498185B23FB00DB2849 /* BMKPolygonView.h */ = {isa = PBXFileReference; fileEncoding = 4; lastKnownFileType = sourcecode.c.h; path = BMKPolygonView.h; sourceTree = "<group>"; };
		139C3499185B23FB00DB2849 /* BMKPolyline.h */ = {isa = PBXFileReference; fileEncoding = 4; lastKnownFileType = sourcecode.c.h; path = BMKPolyline.h; sourceTree = "<group>"; };
		139C349A185B23FB00DB2849 /* BMKPolylineView.h */ = {isa = PBXFileReference; fileEncoding = 4; lastKnownFileType = sourcecode.c.h; path = BMKPolylineView.h; sourceTree = "<group>"; };
		139C349B185B23FB00DB2849 /* BMKRouteSearchType.h */ = {isa = PBXFileReference; fileEncoding = 4; lastKnownFileType = sourcecode.c.h; path = BMKRouteSearchType.h; sourceTree = "<group>"; };
		139C349C185B23FB00DB2849 /* BMKSearch.h */ = {isa = PBXFileReference; fileEncoding = 4; lastKnownFileType = sourcecode.c.h; path = BMKSearch.h; sourceTree = "<group>"; };
		139C349D185B23FB00DB2849 /* BMKShape.h */ = {isa = PBXFileReference; fileEncoding = 4; lastKnownFileType = sourcecode.c.h; path = BMKShape.h; sourceTree = "<group>"; };
		139C349E185B23FB00DB2849 /* BMKTypes.h */ = {isa = PBXFileReference; fileEncoding = 4; lastKnownFileType = sourcecode.c.h; path = BMKTypes.h; sourceTree = "<group>"; };
		139C349F185B23FB00DB2849 /* BMKUserLocation.h */ = {isa = PBXFileReference; fileEncoding = 4; lastKnownFileType = sourcecode.c.h; path = BMKUserLocation.h; sourceTree = "<group>"; };
		139C34A0185B23FB00DB2849 /* BMKVersion.h */ = {isa = PBXFileReference; fileEncoding = 4; lastKnownFileType = sourcecode.c.h; path = BMKVersion.h; sourceTree = "<group>"; };
		139C34A2185B23FB00DB2849 /* libbaidumapapi.a */ = {isa = PBXFileReference; lastKnownFileType = archive.ar; path = libbaidumapapi.a; sourceTree = "<group>"; };
		139C34A3185B23FB00DB2849 /* mapapi.bundle */ = {isa = PBXFileReference; lastKnownFileType = "wrapper.plug-in"; path = mapapi.bundle; sourceTree = "<group>"; };
		3F2F90F0B2424E5C8D1D00B6 /* Pods.xcconfig */ = {isa = PBXFileReference; includeInIndex = 1; lastKnownFileType = text.xcconfig; name = Pods.xcconfig; path = Pods/Pods.xcconfig; sourceTree = "<group>"; };
		4812EEBBE7B54B4B9D8D5A0C /* libPods.a */ = {isa = PBXFileReference; explicitFileType = archive.ar; includeInIndex = 0; path = libPods.a; sourceTree = BUILT_PRODUCTS_DIR; };
		8E9620C9185AB4A40059B468 /* ChartViewController.h */ = {isa = PBXFileReference; fileEncoding = 4; lastKnownFileType = sourcecode.c.h; path = ChartViewController.h; sourceTree = "<group>"; };
		8E9620CA185AB4A40059B468 /* ChartViewController.m */ = {isa = PBXFileReference; fileEncoding = 4; lastKnownFileType = sourcecode.c.objc; path = ChartViewController.m; sourceTree = "<group>"; };
		8E9620DC185ADB220059B468 /* JBChartTableCell.h */ = {isa = PBXFileReference; fileEncoding = 4; lastKnownFileType = sourcecode.c.h; path = JBChartTableCell.h; sourceTree = "<group>"; };
		8E9620DD185ADB220059B468 /* JBChartTableCell.m */ = {isa = PBXFileReference; fileEncoding = 4; lastKnownFileType = sourcecode.c.objc; path = JBChartTableCell.m; sourceTree = "<group>"; };
		8E9620DF185ADB220059B468 /* JBBarChartFooterView.h */ = {isa = PBXFileReference; fileEncoding = 4; lastKnownFileType = sourcecode.c.h; path = JBBarChartFooterView.h; sourceTree = "<group>"; };
		8E9620E0185ADB220059B468 /* JBBarChartFooterView.m */ = {isa = PBXFileReference; fileEncoding = 4; lastKnownFileType = sourcecode.c.objc; path = JBBarChartFooterView.m; sourceTree = "<group>"; };
		8E9620E1185ADB220059B468 /* JBLineChartFooterView.h */ = {isa = PBXFileReference; fileEncoding = 4; lastKnownFileType = sourcecode.c.h; path = JBLineChartFooterView.h; sourceTree = "<group>"; };
		8E9620E2185ADB220059B468 /* JBLineChartFooterView.m */ = {isa = PBXFileReference; fileEncoding = 4; lastKnownFileType = sourcecode.c.objc; path = JBLineChartFooterView.m; sourceTree = "<group>"; };
		8E9620E4185ADB220059B468 /* JBChartHeaderView.h */ = {isa = PBXFileReference; fileEncoding = 4; lastKnownFileType = sourcecode.c.h; path = JBChartHeaderView.h; sourceTree = "<group>"; };
		8E9620E5185ADB220059B468 /* JBChartHeaderView.m */ = {isa = PBXFileReference; fileEncoding = 4; lastKnownFileType = sourcecode.c.objc; path = JBChartHeaderView.m; sourceTree = "<group>"; };
		8E9620EB185ADB410059B468 /* JBChartInformationView.h */ = {isa = PBXFileReference; fileEncoding = 4; lastKnownFileType = sourcecode.c.h; path = JBChartInformationView.h; sourceTree = "<group>"; };
		8E9620EC185ADB410059B468 /* JBChartInformationView.m */ = {isa = PBXFileReference; fileEncoding = 4; lastKnownFileType = sourcecode.c.objc; path = JBChartInformationView.m; sourceTree = "<group>"; };
		8E9620EF185ADB710059B468 /* JBColorConstants.h */ = {isa = PBXFileReference; fileEncoding = 4; lastKnownFileType = sourcecode.c.h; path = JBColorConstants.h; sourceTree = "<group>"; };
		8E9620F0185ADB710059B468 /* JBConstants.h */ = {isa = PBXFileReference; fileEncoding = 4; lastKnownFileType = sourcecode.c.h; path = JBConstants.h; sourceTree = "<group>"; };
		8E9620F1185ADB710059B468 /* JBFontConstants.h */ = {isa = PBXFileReference; fileEncoding = 4; lastKnownFileType = sourcecode.c.h; path = JBFontConstants.h; sourceTree = "<group>"; };
		8E9620F2185ADB710059B468 /* JBStringConstants.h */ = {isa = PBXFileReference; fileEncoding = 4; lastKnownFileType = sourcecode.c.h; path = JBStringConstants.h; sourceTree = "<group>"; };
		8E9620F3185ADB710059B468 /* JBUIConstants.h */ = {isa = PBXFileReference; fileEncoding = 4; lastKnownFileType = sourcecode.c.h; path = JBUIConstants.h; sourceTree = "<group>"; };
		8E9620F6185ADB8B0059B468 /* JBBaseNavigationController.h */ = {isa = PBXFileReference; fileEncoding = 4; lastKnownFileType = sourcecode.c.h; path = JBBaseNavigationController.h; sourceTree = "<group>"; };
		8E9620F7185ADB8B0059B468 /* JBBaseNavigationController.m */ = {isa = PBXFileReference; fileEncoding = 4; lastKnownFileType = sourcecode.c.objc; path = JBBaseNavigationController.m; sourceTree = "<group>"; };
		8E9620F8185ADB8B0059B468 /* JBBaseTableViewController.h */ = {isa = PBXFileReference; fileEncoding = 4; lastKnownFileType = sourcecode.c.h; path = JBBaseTableViewController.h; sourceTree = "<group>"; };
		8E9620F9185ADB8B0059B468 /* JBBaseTableViewController.m */ = {isa = PBXFileReference; fileEncoding = 4; lastKnownFileType = sourcecode.c.objc; path = JBBaseTableViewController.m; sourceTree = "<group>"; };
		8E9620FA185ADB8B0059B468 /* JBBaseViewController.h */ = {isa = PBXFileReference; fileEncoding = 4; lastKnownFileType = sourcecode.c.h; path = JBBaseViewController.h; sourceTree = "<group>"; };
		8E9620FB185ADB8B0059B468 /* JBBaseViewController.m */ = {isa = PBXFileReference; fileEncoding = 4; lastKnownFileType = sourcecode.c.objc; path = JBBaseViewController.m; sourceTree = "<group>"; };
		8E9620FC185ADB8B0059B468 /* JBBarChartViewController.h */ = {isa = PBXFileReference; fileEncoding = 4; lastKnownFileType = sourcecode.c.h; path = JBBarChartViewController.h; sourceTree = "<group>"; };
		8E9620FD185ADB8B0059B468 /* JBBarChartViewController.m */ = {isa = PBXFileReference; fileEncoding = 4; lastKnownFileType = sourcecode.c.objc; path = JBBarChartViewController.m; sourceTree = "<group>"; };
		8E9620FE185ADB8B0059B468 /* JBChartListViewController.h */ = {isa = PBXFileReference; fileEncoding = 4; lastKnownFileType = sourcecode.c.h; path = JBChartListViewController.h; sourceTree = "<group>"; };
		8E9620FF185ADB8B0059B468 /* JBChartListViewController.m */ = {isa = PBXFileReference; fileEncoding = 4; lastKnownFileType = sourcecode.c.objc; path = JBChartListViewController.m; sourceTree = "<group>"; };
		8E962100185ADB8B0059B468 /* JBLineChartViewController.h */ = {isa = PBXFileReference; fileEncoding = 4; lastKnownFileType = sourcecode.c.h; path = JBLineChartViewController.h; sourceTree = "<group>"; };
		8E962101185ADB8B0059B468 /* JBLineChartViewController.m */ = {isa = PBXFileReference; fileEncoding = 4; lastKnownFileType = sourcecode.c.objc; path = JBLineChartViewController.m; sourceTree = "<group>"; };
		8ED9361F18599BE9005DA655 /* PM250.app */ = {isa = PBXFileReference; explicitFileType = wrapper.application; includeInIndex = 0; path = PM250.app; sourceTree = BUILT_PRODUCTS_DIR; };
		8ED9362218599BE9005DA655 /* Foundation.framework */ = {isa = PBXFileReference; lastKnownFileType = wrapper.framework; name = Foundation.framework; path = System/Library/Frameworks/Foundation.framework; sourceTree = SDKROOT; };
		8ED9362418599BE9005DA655 /* CoreGraphics.framework */ = {isa = PBXFileReference; lastKnownFileType = wrapper.framework; name = CoreGraphics.framework; path = System/Library/Frameworks/CoreGraphics.framework; sourceTree = SDKROOT; };
		8ED9362618599BE9005DA655 /* UIKit.framework */ = {isa = PBXFileReference; lastKnownFileType = wrapper.framework; name = UIKit.framework; path = System/Library/Frameworks/UIKit.framework; sourceTree = SDKROOT; };
		8ED9362A18599BE9005DA655 /* PM250-Info.plist */ = {isa = PBXFileReference; lastKnownFileType = text.plist.xml; path = "PM250-Info.plist"; sourceTree = "<group>"; };
		8ED9362C18599BE9005DA655 /* en */ = {isa = PBXFileReference; lastKnownFileType = text.plist.strings; name = en; path = en.lproj/InfoPlist.strings; sourceTree = "<group>"; };
		8ED9362E18599BE9005DA655 /* main.m */ = {isa = PBXFileReference; lastKnownFileType = sourcecode.c.objc; path = main.m; sourceTree = "<group>"; };
		8ED9363018599BE9005DA655 /* PM250-Prefix.pch */ = {isa = PBXFileReference; lastKnownFileType = sourcecode.c.h; path = "PM250-Prefix.pch"; sourceTree = "<group>"; };
		8ED9363118599BE9005DA655 /* AppDelegate.h */ = {isa = PBXFileReference; lastKnownFileType = sourcecode.c.h; path = AppDelegate.h; sourceTree = "<group>"; };
		8ED9363218599BE9005DA655 /* AppDelegate.m */ = {isa = PBXFileReference; lastKnownFileType = sourcecode.c.objc; path = AppDelegate.m; sourceTree = "<group>"; };
		8ED9363518599BE9005DA655 /* Base */ = {isa = PBXFileReference; lastKnownFileType = file.storyboard; name = Base; path = Base.lproj/Main.storyboard; sourceTree = "<group>"; };
		8ED9363718599BE9005DA655 /* ViewController.h */ = {isa = PBXFileReference; lastKnownFileType = sourcecode.c.h; path = ViewController.h; sourceTree = "<group>"; };
		8ED9363818599BE9005DA655 /* ViewController.m */ = {isa = PBXFileReference; lastKnownFileType = sourcecode.c.objc; path = ViewController.m; sourceTree = "<group>"; };
		8ED9363A18599BE9005DA655 /* Images.xcassets */ = {isa = PBXFileReference; lastKnownFileType = folder.assetcatalog; path = Images.xcassets; sourceTree = "<group>"; };
		8ED9364018599BE9005DA655 /* PM250Tests.xctest */ = {isa = PBXFileReference; explicitFileType = wrapper.cfbundle; includeInIndex = 0; path = PM250Tests.xctest; sourceTree = BUILT_PRODUCTS_DIR; };
		8ED9364118599BE9005DA655 /* XCTest.framework */ = {isa = PBXFileReference; lastKnownFileType = wrapper.framework; name = XCTest.framework; path = Library/Frameworks/XCTest.framework; sourceTree = DEVELOPER_DIR; };
		8ED9364918599BE9005DA655 /* PM250Tests-Info.plist */ = {isa = PBXFileReference; lastKnownFileType = text.plist.xml; path = "PM250Tests-Info.plist"; sourceTree = "<group>"; };
		8ED9364B18599BE9005DA655 /* en */ = {isa = PBXFileReference; lastKnownFileType = text.plist.strings; name = en; path = en.lproj/InfoPlist.strings; sourceTree = "<group>"; };
		8ED9364D18599BE9005DA655 /* PM250Tests.m */ = {isa = PBXFileReference; lastKnownFileType = sourcecode.c.objc; path = PM250Tests.m; sourceTree = "<group>"; };
/* End PBXFileReference section */

/* Begin PBXFrameworksBuildPhase section */
		8ED9361C18599BE9005DA655 /* Frameworks */ = {
			isa = PBXFrameworksBuildPhase;
			buildActionMask = 2147483647;
			files = (
				139C3476185B22CA00DB2849 /* libstdc++.dylib in Frameworks */,
				139C3474185B22B400DB2849 /* libsqlite3.dylib in Frameworks */,
				139C3472185B22AC00DB2849 /* CoreTelephony.framework in Frameworks */,
				139C346A185B1B3100DB2849 /* libz.dylib in Frameworks */,
				139C3468185B1B2A00DB2849 /* CoreLocation.framework in Frameworks */,
				139C3462185B1AC300DB2849 /* BaiduSocialShare_Internal.framework in Frameworks */,
				139C3466185B1AC300DB2849 /* libWeChatSDK in Frameworks */,
				139C3465185B1AC300DB2849 /* libWeiboSDK in Frameworks */,
				139C3464185B1AC300DB2849 /* TencentOpenAPI in Frameworks */,
				8ED9362518599BE9005DA655 /* CoreGraphics.framework in Frameworks */,
				8ED9362718599BE9005DA655 /* UIKit.framework in Frameworks */,
				139C34A4185B23FB00DB2849 /* libbaidumapapi.a in Frameworks */,
				8ED9362318599BE9005DA655 /* Foundation.framework in Frameworks */,
				7284046D885B4B75A25D2FDA /* libPods.a in Frameworks */,
			);
			runOnlyForDeploymentPostprocessing = 0;
		};
		8ED9363D18599BE9005DA655 /* Frameworks */ = {
			isa = PBXFrameworksBuildPhase;
			buildActionMask = 2147483647;
			files = (
				8ED9364218599BE9005DA655 /* XCTest.framework in Frameworks */,
				8ED9364418599BE9005DA655 /* UIKit.framework in Frameworks */,
				8ED9364318599BE9005DA655 /* Foundation.framework in Frameworks */,
			);
			runOnlyForDeploymentPostprocessing = 0;
		};
/* End PBXFrameworksBuildPhase section */

/* Begin PBXGroup section */
		139C344F185B1AC300DB2849 /* 3rd */ = {
			isa = PBXGroup;
			children = (
				139C3477185B23FB00DB2849 /* BaiduMap */,
				139C3450185B1AC300DB2849 /* BaiduSocialShare_Internal */,
			);
			path = 3rd;
			sourceTree = "<group>";
		};
		139C3450185B1AC300DB2849 /* BaiduSocialShare_Internal */ = {
			isa = PBXGroup;
			children = (
				139C3451185B1AC300DB2849 /* BaiduSocialShare_Internal.framework */,
				139C3452185B1AC300DB2849 /* BaiduSocialShareSource.bundle */,
				139C3453185B1AC300DB2849 /* QQ */,
				139C345B185B1AC300DB2849 /* WB */,
				139C345E185B1AC300DB2849 /* WX */,
			);
			path = BaiduSocialShare_Internal;
			sourceTree = "<group>";
		};
		139C3453185B1AC300DB2849 /* QQ */ = {
			isa = PBXGroup;
			children = (
				139C3454185B1AC300DB2849 /* QQApi.h */,
				139C3455185B1AC300DB2849 /* QQApiInterface.h */,
				139C3456185B1AC300DB2849 /* QQApiInterfaceObject.h */,
				139C3457185B1AC300DB2849 /* sdkdef.h */,
				139C3458185B1AC300DB2849 /* TencentOAuth.h */,
				139C3459185B1AC300DB2849 /* TencentOAuthObject.h */,
				139C345A185B1AC300DB2849 /* TencentOpenAPI */,
			);
			path = QQ;
			sourceTree = "<group>";
		};
		139C345B185B1AC300DB2849 /* WB */ = {
			isa = PBXGroup;
			children = (
				139C345C185B1AC300DB2849 /* libWeiboSDK */,
				139C345D185B1AC300DB2849 /* WeiboSDK.h */,
			);
			path = WB;
			sourceTree = "<group>";
		};
		139C345E185B1AC300DB2849 /* WX */ = {
			isa = PBXGroup;
			children = (
				139C345F185B1AC300DB2849 /* libWeChatSDK */,
				139C3460185B1AC300DB2849 /* WXApi.h */,
				139C3461185B1AC300DB2849 /* WXApiObject.h */,
			);
			path = WX;
			sourceTree = "<group>";
		};
		139C346B185B1BFB00DB2849 /* Utils */ = {
			isa = PBXGroup;
			children = (
				139C346C185B1C3300DB2849 /* LocationHelper.h */,
				139C346D185B1C3300DB2849 /* LocationHelper.m */,
			);
			path = Utils;
			sourceTree = "<group>";
		};
		139C346F185B1F7C00DB2849 /* Common */ = {
			isa = PBXGroup;
			children = (
				139C3470185B1F9300DB2849 /* CommonConfig.h */,
			);
			path = Common;
			sourceTree = "<group>";
		};
		139C3477185B23FB00DB2849 /* BaiduMap */ = {
			isa = PBXGroup;
			children = (
				139C3478185B23FB00DB2849 /* inc */,
				139C34A1185B23FB00DB2849 /* libs */,
				139C34A3185B23FB00DB2849 /* mapapi.bundle */,
			);
			path = BaiduMap;
			sourceTree = "<group>";
		};
		139C3478185B23FB00DB2849 /* inc */ = {
			isa = PBXGroup;
			children = (
				139C3479185B23FB00DB2849 /* BMapKit.h */,
				139C347A185B23FB00DB2849 /* BMKActionPaopaoView.h */,
				139C347B185B23FB00DB2849 /* BMKAnnotation.h */,
				139C347C185B23FB00DB2849 /* BMKAnnotationView.h */,
				139C347D185B23FB00DB2849 /* BMKArcline.h */,
				139C347E185B23FB00DB2849 /* BMKArclineView.h */,
				139C347F185B23FB00DB2849 /* BMKCircle.h */,
				139C3480185B23FB00DB2849 /* BMKCircleView.h */,
				139C3481185B23FB00DB2849 /* BMKCloudPOIList.h */,
				139C3482185B23FB00DB2849 /* BMKCloudSearch.h */,
				139C3483185B23FB00DB2849 /* BMKCloudSearchInfo.h */,
				139C3484185B23FB00DB2849 /* BMKGeneralDelegate.h */,
				139C3485185B23FB00DB2849 /* BMKGeocodeType.h */,
				139C3486185B23FB00DB2849 /* BMKGeometry.h */,
				139C3487185B23FB00DB2849 /* BMKGroundOverlay.h */,
				139C3488185B23FB00DB2849 /* BMKGroundOverlayView.h */,
				139C3489185B23FB00DB2849 /* BMKLocationViewDisplayParam.h */,
				139C348A185B23FB00DB2849 /* BMKMapManager.h */,
				139C348B185B23FB00DB2849 /* BMKMapStatus.h */,
				139C348C185B23FB00DB2849 /* BMKMapView.h */,
				139C348D185B23FB00DB2849 /* BMKMultiPoint.h */,
				139C348E185B23FB00DB2849 /* BMKNavigation.h */,
				139C348F185B23FB00DB2849 /* BMKOfflineMap.h */,
				139C3490185B23FB00DB2849 /* BMKOfflineMapType.h */,
				139C3491185B23FB00DB2849 /* BMKOverlay.h */,
				139C3492185B23FB00DB2849 /* BMKOverlayPathView.h */,
				139C3493185B23FB00DB2849 /* BMKOverlayView.h */,
				139C3494185B23FB00DB2849 /* BMKPinAnnotationView.h */,
				139C3495185B23FB00DB2849 /* BMKPointAnnotation.h */,
				139C3496185B23FB00DB2849 /* BMKPoiSearchType.h */,
				139C3497185B23FB00DB2849 /* BMKPolygon.h */,
				139C3498185B23FB00DB2849 /* BMKPolygonView.h */,
				139C3499185B23FB00DB2849 /* BMKPolyline.h */,
				139C349A185B23FB00DB2849 /* BMKPolylineView.h */,
				139C349B185B23FB00DB2849 /* BMKRouteSearchType.h */,
				139C349C185B23FB00DB2849 /* BMKSearch.h */,
				139C349D185B23FB00DB2849 /* BMKShape.h */,
				139C349E185B23FB00DB2849 /* BMKTypes.h */,
				139C349F185B23FB00DB2849 /* BMKUserLocation.h */,
				139C34A0185B23FB00DB2849 /* BMKVersion.h */,
			);
			path = inc;
			sourceTree = "<group>";
		};
		139C34A1185B23FB00DB2849 /* libs */ = {
			isa = PBXGroup;
			children = (
				139C34A2185B23FB00DB2849 /* libbaidumapapi.a */,
			);
			path = libs;
			sourceTree = "<group>";
		};
		8E9620DB185ADB220059B468 /* Cells */ = {
			isa = PBXGroup;
			children = (
				8E9620DC185ADB220059B468 /* JBChartTableCell.h */,
				8E9620DD185ADB220059B468 /* JBChartTableCell.m */,
			);
			path = Cells;
			sourceTree = "<group>";
		};
		8E9620DE185ADB220059B468 /* Footers */ = {
			isa = PBXGroup;
			children = (
				8E9620DF185ADB220059B468 /* JBBarChartFooterView.h */,
				8E9620E0185ADB220059B468 /* JBBarChartFooterView.m */,
				8E9620E1185ADB220059B468 /* JBLineChartFooterView.h */,
				8E9620E2185ADB220059B468 /* JBLineChartFooterView.m */,
			);
			path = Footers;
			sourceTree = "<group>";
		};
		8E9620E3185ADB220059B468 /* Headers */ = {
			isa = PBXGroup;
			children = (
				8E9620E4185ADB220059B468 /* JBChartHeaderView.h */,
				8E9620E5185ADB220059B468 /* JBChartHeaderView.m */,
			);
			path = Headers;
			sourceTree = "<group>";
		};
		8E9620EA185ADB410059B468 /* Misc */ = {
			isa = PBXGroup;
			children = (
				8E9620EB185ADB410059B468 /* JBChartInformationView.h */,
				8E9620EC185ADB410059B468 /* JBChartInformationView.m */,
			);
			path = Misc;
			sourceTree = "<group>";
		};
		8E9620EE185ADB710059B468 /* Constants */ = {
			isa = PBXGroup;
			children = (
				8E9620EF185ADB710059B468 /* JBColorConstants.h */,
				8E9620F0185ADB710059B468 /* JBConstants.h */,
				8E9620F1185ADB710059B468 /* JBFontConstants.h */,
				8E9620F2185ADB710059B468 /* JBStringConstants.h */,
				8E9620F3185ADB710059B468 /* JBUIConstants.h */,
			);
			path = Constants;
			sourceTree = "<group>";
		};
		8E9620F4185ADB8B0059B468 /* Controllers */ = {
			isa = PBXGroup;
			children = (
				8E9620F5185ADB8B0059B468 /* Base */,
				8E9620FC185ADB8B0059B468 /* JBBarChartViewController.h */,
				8E9620FD185ADB8B0059B468 /* JBBarChartViewController.m */,
				8E9620FE185ADB8B0059B468 /* JBChartListViewController.h */,
				8E9620FF185ADB8B0059B468 /* JBChartListViewController.m */,
				8E962100185ADB8B0059B468 /* JBLineChartViewController.h */,
				8E962101185ADB8B0059B468 /* JBLineChartViewController.m */,
			);
			path = Controllers;
			sourceTree = "<group>";
		};
		8E9620F5185ADB8B0059B468 /* Base */ = {
			isa = PBXGroup;
			children = (
				8E9620F6185ADB8B0059B468 /* JBBaseNavigationController.h */,
				8E9620F7185ADB8B0059B468 /* JBBaseNavigationController.m */,
				8E9620F8185ADB8B0059B468 /* JBBaseTableViewController.h */,
				8E9620F9185ADB8B0059B468 /* JBBaseTableViewController.m */,
				8E9620FA185ADB8B0059B468 /* JBBaseViewController.h */,
				8E9620FB185ADB8B0059B468 /* JBBaseViewController.m */,
			);
			path = Base;
			sourceTree = "<group>";
		};
		8E962102185ADB8B0059B468 /* Delegate */ = {
			isa = PBXGroup;
			children = (
			);
			path = Delegate;
			sourceTree = "<group>";
		};
		8ED9361618599BE9005DA655 = {
			isa = PBXGroup;
			children = (
				8ED9362818599BE9005DA655 /* PM250 */,
				8ED9364718599BE9005DA655 /* PM250Tests */,
				8ED9362118599BE9005DA655 /* Frameworks */,
				8ED9362018599BE9005DA655 /* Products */,
				3F2F90F0B2424E5C8D1D00B6 /* Pods.xcconfig */,
			);
			sourceTree = "<group>";
		};
		8ED9362018599BE9005DA655 /* Products */ = {
			isa = PBXGroup;
			children = (
				8ED9361F18599BE9005DA655 /* PM250.app */,
				8ED9364018599BE9005DA655 /* PM250Tests.xctest */,
			);
			name = Products;
			sourceTree = "<group>";
		};
		8ED9362118599BE9005DA655 /* Frameworks */ = {
			isa = PBXGroup;
			children = (
				139C3475185B22CA00DB2849 /* libstdc++.dylib */,
				139C3473185B22B400DB2849 /* libsqlite3.dylib */,
				139C3471185B22AC00DB2849 /* CoreTelephony.framework */,
				139C3469185B1B3100DB2849 /* libz.dylib */,
				139C3467185B1B2A00DB2849 /* CoreLocation.framework */,
				8ED9362218599BE9005DA655 /* Foundation.framework */,
				8ED9362418599BE9005DA655 /* CoreGraphics.framework */,
				8ED9362618599BE9005DA655 /* UIKit.framework */,
				8ED9364118599BE9005DA655 /* XCTest.framework */,
				4812EEBBE7B54B4B9D8D5A0C /* libPods.a */,
			);
			name = Frameworks;
			sourceTree = "<group>";
		};
		8ED9362818599BE9005DA655 /* PM250 */ = {
			isa = PBXGroup;
			children = (
				139C346F185B1F7C00DB2849 /* Common */,
				139C346B185B1BFB00DB2849 /* Utils */,
				139C344F185B1AC300DB2849 /* 3rd */,
				8E9620F4185ADB8B0059B468 /* Controllers */,
				8E962102185ADB8B0059B468 /* Delegate */,
				8E9620EE185ADB710059B468 /* Constants */,
				8E9620EA185ADB410059B468 /* Misc */,
				8E9620DB185ADB220059B468 /* Cells */,
				8E9620DE185ADB220059B468 /* Footers */,
				8E9620E3185ADB220059B468 /* Headers */,
				8ED9363118599BE9005DA655 /* AppDelegate.h */,
				8ED9363218599BE9005DA655 /* AppDelegate.m */,
				8ED9363418599BE9005DA655 /* Main.storyboard */,
				8ED9363718599BE9005DA655 /* ViewController.h */,
				8ED9363818599BE9005DA655 /* ViewController.m */,
				8E9620C9185AB4A40059B468 /* ChartViewController.h */,
				8E9620CA185AB4A40059B468 /* ChartViewController.m */,
				8ED9363A18599BE9005DA655 /* Images.xcassets */,
				8ED9362918599BE9005DA655 /* Supporting Files */,
			);
			path = PM250;
			sourceTree = "<group>";
		};
		8ED9362918599BE9005DA655 /* Supporting Files */ = {
			isa = PBXGroup;
			children = (
				8ED9362A18599BE9005DA655 /* PM250-Info.plist */,
				8ED9362B18599BE9005DA655 /* InfoPlist.strings */,
				8ED9362E18599BE9005DA655 /* main.m */,
				8ED9363018599BE9005DA655 /* PM250-Prefix.pch */,
			);
			name = "Supporting Files";
			sourceTree = "<group>";
		};
		8ED9364718599BE9005DA655 /* PM250Tests */ = {
			isa = PBXGroup;
			children = (
				8ED9364D18599BE9005DA655 /* PM250Tests.m */,
				8ED9364818599BE9005DA655 /* Supporting Files */,
			);
			path = PM250Tests;
			sourceTree = "<group>";
		};
		8ED9364818599BE9005DA655 /* Supporting Files */ = {
			isa = PBXGroup;
			children = (
				8ED9364918599BE9005DA655 /* PM250Tests-Info.plist */,
				8ED9364A18599BE9005DA655 /* InfoPlist.strings */,
			);
			name = "Supporting Files";
			sourceTree = "<group>";
		};
/* End PBXGroup section */

/* Begin PBXNativeTarget section */
		8ED9361E18599BE9005DA655 /* PM250 */ = {
			isa = PBXNativeTarget;
			buildConfigurationList = 8ED9365118599BE9005DA655 /* Build configuration list for PBXNativeTarget "PM250" */;
			buildPhases = (
				8E0A5E82AC054FDBBC5D24C6 /* Check Pods Manifest.lock */,
				8ED9361B18599BE9005DA655 /* Sources */,
				8ED9361C18599BE9005DA655 /* Frameworks */,
				8ED9361D18599BE9005DA655 /* Resources */,
				A9109B7C966C4DE0B8864F20 /* Copy Pods Resources */,
			);
			buildRules = (
			);
			dependencies = (
			);
			name = PM250;
			productName = PM250;
			productReference = 8ED9361F18599BE9005DA655 /* PM250.app */;
			productType = "com.apple.product-type.application";
		};
		8ED9363F18599BE9005DA655 /* PM250Tests */ = {
			isa = PBXNativeTarget;
			buildConfigurationList = 8ED9365418599BE9005DA655 /* Build configuration list for PBXNativeTarget "PM250Tests" */;
			buildPhases = (
				8ED9363C18599BE9005DA655 /* Sources */,
				8ED9363D18599BE9005DA655 /* Frameworks */,
				8ED9363E18599BE9005DA655 /* Resources */,
			);
			buildRules = (
			);
			dependencies = (
				8ED9364618599BE9005DA655 /* PBXTargetDependency */,
			);
			name = PM250Tests;
			productName = PM250Tests;
			productReference = 8ED9364018599BE9005DA655 /* PM250Tests.xctest */;
			productType = "com.apple.product-type.bundle.unit-test";
		};
/* End PBXNativeTarget section */

/* Begin PBXProject section */
		8ED9361718599BE9005DA655 /* Project object */ = {
			isa = PBXProject;
			attributes = {
				LastUpgradeCheck = 0500;
				ORGANIZATIONNAME = CaoNiMei;
				TargetAttributes = {
					8ED9363F18599BE9005DA655 = {
						TestTargetID = 8ED9361E18599BE9005DA655;
					};
				};
			};
			buildConfigurationList = 8ED9361A18599BE9005DA655 /* Build configuration list for PBXProject "PM250" */;
			compatibilityVersion = "Xcode 3.2";
			developmentRegion = English;
			hasScannedForEncodings = 0;
			knownRegions = (
				en,
				Base,
			);
			mainGroup = 8ED9361618599BE9005DA655;
			productRefGroup = 8ED9362018599BE9005DA655 /* Products */;
			projectDirPath = "";
			projectRoot = "";
			targets = (
				8ED9361E18599BE9005DA655 /* PM250 */,
				8ED9363F18599BE9005DA655 /* PM250Tests */,
			);
		};
/* End PBXProject section */

/* Begin PBXResourcesBuildPhase section */
		8ED9361D18599BE9005DA655 /* Resources */ = {
			isa = PBXResourcesBuildPhase;
			buildActionMask = 2147483647;
			files = (
				8ED9363B18599BE9005DA655 /* Images.xcassets in Resources */,
				139C34A5185B23FB00DB2849 /* mapapi.bundle in Resources */,
				139C3463185B1AC300DB2849 /* BaiduSocialShareSource.bundle in Resources */,
				8ED9362D18599BE9005DA655 /* InfoPlist.strings in Resources */,
				8ED9363618599BE9005DA655 /* Main.storyboard in Resources */,
			);
			runOnlyForDeploymentPostprocessing = 0;
		};
		8ED9363E18599BE9005DA655 /* Resources */ = {
			isa = PBXResourcesBuildPhase;
			buildActionMask = 2147483647;
			files = (
				8ED9364C18599BE9005DA655 /* InfoPlist.strings in Resources */,
			);
			runOnlyForDeploymentPostprocessing = 0;
		};
/* End PBXResourcesBuildPhase section */

/* Begin PBXShellScriptBuildPhase section */
		8E0A5E82AC054FDBBC5D24C6 /* Check Pods Manifest.lock */ = {
			isa = PBXShellScriptBuildPhase;
			buildActionMask = 2147483647;
			files = (
			);
			inputPaths = (
			);
			name = "Check Pods Manifest.lock";
			outputPaths = (
			);
			runOnlyForDeploymentPostprocessing = 0;
			shellPath = /bin/sh;
			shellScript = "diff \"${PODS_ROOT}/../Podfile.lock\" \"${PODS_ROOT}/Manifest.lock\" > /dev/null\nif [[ $? != 0 ]] ; then\n    cat << EOM\nerror: The sandbox is not in sync with the Podfile.lock. Run 'pod install' or update your CocoaPods installation.\nEOM\n    exit 1\nfi\n";
			showEnvVarsInLog = 0;
		};
		A9109B7C966C4DE0B8864F20 /* Copy Pods Resources */ = {
			isa = PBXShellScriptBuildPhase;
			buildActionMask = 2147483647;
			files = (
			);
			inputPaths = (
			);
			name = "Copy Pods Resources";
			outputPaths = (
			);
			runOnlyForDeploymentPostprocessing = 0;
			shellPath = /bin/sh;
			shellScript = "\"${SRCROOT}/Pods/Pods-resources.sh\"\n";
			showEnvVarsInLog = 0;
		};
/* End PBXShellScriptBuildPhase section */

/* Begin PBXSourcesBuildPhase section */
		8ED9361B18599BE9005DA655 /* Sources */ = {
			isa = PBXSourcesBuildPhase;
			buildActionMask = 2147483647;
			files = (
				8ED9363918599BE9005DA655 /* ViewController.m in Sources */,
				8E9620CB185AB4A40059B468 /* ChartViewController.m in Sources */,
				8E962106185ADB8B0059B468 /* JBBaseTableViewController.m in Sources */,
				8E96210A185ADB8B0059B468 /* JBLineChartViewController.m in Sources */,
				139C346E185B1C3300DB2849 /* LocationHelper.m in Sources */,
				8ED9363318599BE9005DA655 /* AppDelegate.m in Sources */,
				8E9620E8185ADB220059B468 /* JBLineChartFooterView.m in Sources */,
				8E962105185ADB8B0059B468 /* JBBaseNavigationController.m in Sources */,
				8E9620E6185ADB220059B468 /* JBChartTableCell.m in Sources */,
				8E9620E7185ADB220059B468 /* JBBarChartFooterView.m in Sources */,
				8E9620E9185ADB220059B468 /* JBChartHeaderView.m in Sources */,
				8ED9362F18599BE9005DA655 /* main.m in Sources */,
				8E9620ED185ADB410059B468 /* JBChartInformationView.m in Sources */,
				8E962107185ADB8B0059B468 /* JBBaseViewController.m in Sources */,
				8E962108185ADB8B0059B468 /* JBBarChartViewController.m in Sources */,
				8E962109185ADB8B0059B468 /* JBChartListViewController.m in Sources */,
			);
			runOnlyForDeploymentPostprocessing = 0;
		};
		8ED9363C18599BE9005DA655 /* Sources */ = {
			isa = PBXSourcesBuildPhase;
			buildActionMask = 2147483647;
			files = (
				8ED9364E18599BE9005DA655 /* PM250Tests.m in Sources */,
			);
			runOnlyForDeploymentPostprocessing = 0;
		};
/* End PBXSourcesBuildPhase section */

/* Begin PBXTargetDependency section */
		8ED9364618599BE9005DA655 /* PBXTargetDependency */ = {
			isa = PBXTargetDependency;
			target = 8ED9361E18599BE9005DA655 /* PM250 */;
			targetProxy = 8ED9364518599BE9005DA655 /* PBXContainerItemProxy */;
		};
/* End PBXTargetDependency section */

/* Begin PBXVariantGroup section */
		8ED9362B18599BE9005DA655 /* InfoPlist.strings */ = {
			isa = PBXVariantGroup;
			children = (
				8ED9362C18599BE9005DA655 /* en */,
			);
			name = InfoPlist.strings;
			sourceTree = "<group>";
		};
		8ED9363418599BE9005DA655 /* Main.storyboard */ = {
			isa = PBXVariantGroup;
			children = (
				8ED9363518599BE9005DA655 /* Base */,
			);
			name = Main.storyboard;
			sourceTree = "<group>";
		};
		8ED9364A18599BE9005DA655 /* InfoPlist.strings */ = {
			isa = PBXVariantGroup;
			children = (
				8ED9364B18599BE9005DA655 /* en */,
			);
			name = InfoPlist.strings;
			sourceTree = "<group>";
		};
/* End PBXVariantGroup section */

/* Begin XCBuildConfiguration section */
		8ED9364F18599BE9005DA655 /* Debug */ = {
			isa = XCBuildConfiguration;
			buildSettings = {
				ALWAYS_SEARCH_USER_PATHS = NO;
				ARCHS = "$(ARCHS_STANDARD_INCLUDING_64_BIT)";
				CLANG_CXX_LANGUAGE_STANDARD = "gnu++0x";
				CLANG_CXX_LIBRARY = "libc++";
				CLANG_ENABLE_MODULES = YES;
				CLANG_ENABLE_OBJC_ARC = YES;
				CLANG_WARN_BOOL_CONVERSION = YES;
				CLANG_WARN_CONSTANT_CONVERSION = YES;
				CLANG_WARN_DIRECT_OBJC_ISA_USAGE = YES_ERROR;
				CLANG_WARN_EMPTY_BODY = YES;
				CLANG_WARN_ENUM_CONVERSION = YES;
				CLANG_WARN_INT_CONVERSION = YES;
				CLANG_WARN_OBJC_ROOT_CLASS = YES_ERROR;
				CLANG_WARN__DUPLICATE_METHOD_MATCH = YES;
				"CODE_SIGN_IDENTITY[sdk=iphoneos*]" = "iPhone Developer";
				COPY_PHASE_STRIP = NO;
				GCC_C_LANGUAGE_STANDARD = gnu99;
				GCC_DYNAMIC_NO_PIC = NO;
				GCC_OPTIMIZATION_LEVEL = 0;
				GCC_PREPROCESSOR_DEFINITIONS = (
					"DEBUG=1",
					"$(inherited)",
				);
				GCC_SYMBOLS_PRIVATE_EXTERN = NO;
				GCC_WARN_64_TO_32_BIT_CONVERSION = YES;
				GCC_WARN_ABOUT_RETURN_TYPE = YES_ERROR;
				GCC_WARN_UNDECLARED_SELECTOR = YES;
				GCC_WARN_UNINITIALIZED_AUTOS = YES;
				GCC_WARN_UNUSED_FUNCTION = YES;
				GCC_WARN_UNUSED_VARIABLE = YES;
				IPHONEOS_DEPLOYMENT_TARGET = 7.0;
				ONLY_ACTIVE_ARCH = YES;
				SDKROOT = iphoneos;
			};
			name = Debug;
		};
		8ED9365018599BE9005DA655 /* Release */ = {
			isa = XCBuildConfiguration;
			buildSettings = {
				ALWAYS_SEARCH_USER_PATHS = NO;
				ARCHS = "$(ARCHS_STANDARD_INCLUDING_64_BIT)";
				CLANG_CXX_LANGUAGE_STANDARD = "gnu++0x";
				CLANG_CXX_LIBRARY = "libc++";
				CLANG_ENABLE_MODULES = YES;
				CLANG_ENABLE_OBJC_ARC = YES;
				CLANG_WARN_BOOL_CONVERSION = YES;
				CLANG_WARN_CONSTANT_CONVERSION = YES;
				CLANG_WARN_DIRECT_OBJC_ISA_USAGE = YES_ERROR;
				CLANG_WARN_EMPTY_BODY = YES;
				CLANG_WARN_ENUM_CONVERSION = YES;
				CLANG_WARN_INT_CONVERSION = YES;
				CLANG_WARN_OBJC_ROOT_CLASS = YES_ERROR;
				CLANG_WARN__DUPLICATE_METHOD_MATCH = YES;
				"CODE_SIGN_IDENTITY[sdk=iphoneos*]" = "iPhone Developer";
				COPY_PHASE_STRIP = YES;
				ENABLE_NS_ASSERTIONS = NO;
				GCC_C_LANGUAGE_STANDARD = gnu99;
				GCC_WARN_64_TO_32_BIT_CONVERSION = YES;
				GCC_WARN_ABOUT_RETURN_TYPE = YES_ERROR;
				GCC_WARN_UNDECLARED_SELECTOR = YES;
				GCC_WARN_UNINITIALIZED_AUTOS = YES;
				GCC_WARN_UNUSED_FUNCTION = YES;
				GCC_WARN_UNUSED_VARIABLE = YES;
				IPHONEOS_DEPLOYMENT_TARGET = 7.0;
				SDKROOT = iphoneos;
				VALIDATE_PRODUCT = YES;
			};
			name = Release;
		};
		8ED9365218599BE9005DA655 /* Debug */ = {
			isa = XCBuildConfiguration;
			baseConfigurationReference = 3F2F90F0B2424E5C8D1D00B6 /* Pods.xcconfig */;
			buildSettings = {
				ASSETCATALOG_COMPILER_APPICON_NAME = AppIcon;
				ASSETCATALOG_COMPILER_LAUNCHIMAGE_NAME = LaunchImage;
				FRAMEWORK_SEARCH_PATHS = (
					"$(inherited)",
					/Users/richie/Desktop/PM250/PM250/PM250/3rd/BaiduSocialShare_Internal,
				);
				GCC_PRECOMPILE_PREFIX_HEADER = YES;
				GCC_PREFIX_HEADER = "PM250/PM250-Prefix.pch";
				INFOPLIST_FILE = "PM250/PM250-Info.plist";
				LIBRARY_SEARCH_PATHS = (
					"$(inherited)",
					"$(SRCROOT)/PM250/3rd/BaiduSocialShare_Internal/QQ",
					"$(SRCROOT)/PM250/3rd/BaiduSocialShare_Internal/WB",
					"$(SRCROOT)/PM250/3rd/BaiduSocialShare_Internal/WX",
					"$(SRCROOT)/PM250/3rd/BaiduMap/libs",
				);
				PRODUCT_NAME = "$(TARGET_NAME)";
				WRAPPER_EXTENSION = app;
			};
			name = Debug;
		};
		8ED9365318599BE9005DA655 /* Release */ = {
			isa = XCBuildConfiguration;
			baseConfigurationReference = 3F2F90F0B2424E5C8D1D00B6 /* Pods.xcconfig */;
			buildSettings = {
				ASSETCATALOG_COMPILER_APPICON_NAME = AppIcon;
				ASSETCATALOG_COMPILER_LAUNCHIMAGE_NAME = LaunchImage;
				FRAMEWORK_SEARCH_PATHS = (
					"$(inherited)",
					/Users/richie/Desktop/PM250/PM250/PM250/3rd/BaiduSocialShare_Internal,
				);
				GCC_PRECOMPILE_PREFIX_HEADER = YES;
				GCC_PREFIX_HEADER = "PM250/PM250-Prefix.pch";
				INFOPLIST_FILE = "PM250/PM250-Info.plist";
				LIBRARY_SEARCH_PATHS = (
					"$(inherited)",
					"$(SRCROOT)/PM250/3rd/BaiduSocialShare_Internal/QQ",
					"$(SRCROOT)/PM250/3rd/BaiduSocialShare_Internal/WB",
					"$(SRCROOT)/PM250/3rd/BaiduSocialShare_Internal/WX",
					"$(SRCROOT)/PM250/3rd/BaiduMap/libs",
				);
				PRODUCT_NAME = "$(TARGET_NAME)";
				WRAPPER_EXTENSION = app;
			};
			name = Release;
		};
		8ED9365518599BE9005DA655 /* Debug */ = {
			isa = XCBuildConfiguration;
			buildSettings = {
				ARCHS = "$(ARCHS_STANDARD_INCLUDING_64_BIT)";
				BUNDLE_LOADER = "$(BUILT_PRODUCTS_DIR)/PM250.app/PM250";
				FRAMEWORK_SEARCH_PATHS = (
					"$(SDKROOT)/Developer/Library/Frameworks",
					"$(inherited)",
					"$(DEVELOPER_FRAMEWORKS_DIR)",
				);
				GCC_PRECOMPILE_PREFIX_HEADER = YES;
				GCC_PREFIX_HEADER = "PM250/PM250-Prefix.pch";
				GCC_PREPROCESSOR_DEFINITIONS = (
					"DEBUG=1",
					"$(inherited)",
				);
				INFOPLIST_FILE = "PM250Tests/PM250Tests-Info.plist";
				PRODUCT_NAME = "$(TARGET_NAME)";
				TEST_HOST = "$(BUNDLE_LOADER)";
				WRAPPER_EXTENSION = xctest;
			};
			name = Debug;
		};
		8ED9365618599BE9005DA655 /* Release */ = {
			isa = XCBuildConfiguration;
			buildSettings = {
				ARCHS = "$(ARCHS_STANDARD_INCLUDING_64_BIT)";
				BUNDLE_LOADER = "$(BUILT_PRODUCTS_DIR)/PM250.app/PM250";
				FRAMEWORK_SEARCH_PATHS = (
					"$(SDKROOT)/Developer/Library/Frameworks",
					"$(inherited)",
					"$(DEVELOPER_FRAMEWORKS_DIR)",
				);
				GCC_PRECOMPILE_PREFIX_HEADER = YES;
				GCC_PREFIX_HEADER = "PM250/PM250-Prefix.pch";
				INFOPLIST_FILE = "PM250Tests/PM250Tests-Info.plist";
				PRODUCT_NAME = "$(TARGET_NAME)";
				TEST_HOST = "$(BUNDLE_LOADER)";
				WRAPPER_EXTENSION = xctest;
			};
			name = Release;
		};
/* End XCBuildConfiguration section */

/* Begin XCConfigurationList section */
		8ED9361A18599BE9005DA655 /* Build configuration list for PBXProject "PM250" */ = {
			isa = XCConfigurationList;
			buildConfigurations = (
				8ED9364F18599BE9005DA655 /* Debug */,
				8ED9365018599BE9005DA655 /* Release */,
			);
			defaultConfigurationIsVisible = 0;
			defaultConfigurationName = Release;
		};
		8ED9365118599BE9005DA655 /* Build configuration list for PBXNativeTarget "PM250" */ = {
			isa = XCConfigurationList;
			buildConfigurations = (
				8ED9365218599BE9005DA655 /* Debug */,
				8ED9365318599BE9005DA655 /* Release */,
			);
			defaultConfigurationIsVisible = 0;
			defaultConfigurationName = Release;
		};
		8ED9365418599BE9005DA655 /* Build configuration list for PBXNativeTarget "PM250Tests" */ = {
			isa = XCConfigurationList;
			buildConfigurations = (
				8ED9365518599BE9005DA655 /* Debug */,
				8ED9365618599BE9005DA655 /* Release */,
			);
			defaultConfigurationIsVisible = 0;
			defaultConfigurationName = Release;
		};
/* End XCConfigurationList section */
	};
	rootObject = 8ED9361718599BE9005DA655 /* Project object */;
}
