// !$*UTF8*$!
{
	archiveVersion = 1;
	classes = {
	};
	objectVersion = 46;
	objects = {

/* Begin PBXBuildFile section */
		7284046D885B4B75A25D2FDA /* libPods.a in Frameworks */ = {isa = PBXBuildFile; fileRef = 4812EEBBE7B54B4B9D8D5A0C /* libPods.a */; };
		8E9620CB185AB4A40059B468 /* ChartViewController.m in Sources */ = {isa = PBXBuildFile; fileRef = 8E9620CA185AB4A40059B468 /* ChartViewController.m */; };
		8E9620E6185ADB220059B468 /* JBChartTableCell.m in Sources */ = {isa = PBXBuildFile; fileRef = 8E9620DD185ADB220059B468 /* JBChartTableCell.m */; };
		8E9620E7185ADB220059B468 /* JBBarChartFooterView.m in Sources */ = {isa = PBXBuildFile; fileRef = 8E9620E0185ADB220059B468 /* JBBarChartFooterView.m */; };
		8E9620E8185ADB220059B468 /* JBLineChartFooterView.m in Sources */ = {isa = PBXBuildFile; fileRef = 8E9620E2185ADB220059B468 /* JBLineChartFooterView.m */; };
		8E9620E9185ADB220059B468 /* JBChartHeaderView.m in Sources */ = {isa = PBXBuildFile; fileRef = 8E9620E5185ADB220059B468 /* JBChartHeaderView.m */; };
		8E9620ED185ADB410059B468 /* JBChartInformationView.m in Sources */ = {isa = PBXBuildFile; fileRef = 8E9620EC185ADB410059B468 /* JBChartInformationView.m */; };
		8E962105185ADB8B0059B468 /* JBBaseNavigationController.m in Sources */ = {isa = PBXBuildFile; fileRef = 8E9620F7185ADB8B0059B468 /* JBBaseNavigationController.m */; };
		8E962106185ADB8B0059B468 /* JBBaseTableViewController.m in Sources */ = {isa = PBXBuildFile; fileRef = 8E9620F9185ADB8B0059B468 /* JBBaseTableViewController.m */; };
		8E962107185ADB8B0059B468 /* JBBaseViewController.m in Sources */ = {isa = PBXBuildFile; fileRef = 8E9620FB185ADB8B0059B468 /* JBBaseViewController.m */; };
		8E962108185ADB8B0059B468 /* JBBarChartViewController.m in Sources */ = {isa = PBXBuildFile; fileRef = 8E9620FD185ADB8B0059B468 /* JBBarChartViewController.m */; };
		8E962109185ADB8B0059B468 /* JBChartListViewController.m in Sources */ = {isa = PBXBuildFile; fileRef = 8E9620FF185ADB8B0059B468 /* JBChartListViewController.m */; };
		8E96210A185ADB8B0059B468 /* JBLineChartViewController.m in Sources */ = {isa = PBXBuildFile; fileRef = 8E962101185ADB8B0059B468 /* JBLineChartViewController.m */; };
		8ED9362318599BE9005DA655 /* Foundation.framework in Frameworks */ = {isa = PBXBuildFile; fileRef = 8ED9362218599BE9005DA655 /* Foundation.framework */; };
		8ED9362518599BE9005DA655 /* CoreGraphics.framework in Frameworks */ = {isa = PBXBuildFile; fileRef = 8ED9362418599BE9005DA655 /* CoreGraphics.framework */; };
		8ED9362718599BE9005DA655 /* UIKit.framework in Frameworks */ = {isa = PBXBuildFile; fileRef = 8ED9362618599BE9005DA655 /* UIKit.framework */; };
		8ED9362D18599BE9005DA655 /* InfoPlist.strings in Resources */ = {isa = PBXBuildFile; fileRef = 8ED9362B18599BE9005DA655 /* InfoPlist.strings */; };
		8ED9362F18599BE9005DA655 /* main.m in Sources */ = {isa = PBXBuildFile; fileRef = 8ED9362E18599BE9005DA655 /* main.m */; };
		8ED9363318599BE9005DA655 /* AppDelegate.m in Sources */ = {isa = PBXBuildFile; fileRef = 8ED9363218599BE9005DA655 /* AppDelegate.m */; };
		8ED9363618599BE9005DA655 /* Main.storyboard in Resources */ = {isa = PBXBuildFile; fileRef = 8ED9363418599BE9005DA655 /* Main.storyboard */; };
		8ED9363918599BE9005DA655 /* ViewController.m in Sources */ = {isa = PBXBuildFile; fileRef = 8ED9363818599BE9005DA655 /* ViewController.m */; };
		8ED9363B18599BE9005DA655 /* Images.xcassets in Resources */ = {isa = PBXBuildFile; fileRef = 8ED9363A18599BE9005DA655 /* Images.xcassets */; };
		8ED9364218599BE9005DA655 /* XCTest.framework in Frameworks */ = {isa = PBXBuildFile; fileRef = 8ED9364118599BE9005DA655 /* XCTest.framework */; };
		8ED9364318599BE9005DA655 /* Foundation.framework in Frameworks */ = {isa = PBXBuildFile; fileRef = 8ED9362218599BE9005DA655 /* Foundation.framework */; };
		8ED9364418599BE9005DA655 /* UIKit.framework in Frameworks */ = {isa = PBXBuildFile; fileRef = 8ED9362618599BE9005DA655 /* UIKit.framework */; };
		8ED9364C18599BE9005DA655 /* InfoPlist.strings in Resources */ = {isa = PBXBuildFile; fileRef = 8ED9364A18599BE9005DA655 /* InfoPlist.strings */; };
		8ED9364E18599BE9005DA655 /* PM250Tests.m in Sources */ = {isa = PBXBuildFile; fileRef = 8ED9364D18599BE9005DA655 /* PM250Tests.m */; };
/* End PBXBuildFile section */

/* Begin PBXContainerItemProxy section */
		8ED9364518599BE9005DA655 /* PBXContainerItemProxy */ = {
			isa = PBXContainerItemProxy;
			containerPortal = 8ED9361718599BE9005DA655 /* Project object */;
			proxyType = 1;
			remoteGlobalIDString = 8ED9361E18599BE9005DA655;
			remoteInfo = PM250;
		};
/* End PBXContainerItemProxy section */

/* Begin PBXFileReference section */
		3F2F90F0B2424E5C8D1D00B6 /* Pods.xcconfig */ = {isa = PBXFileReference; includeInIndex = 1; lastKnownFileType = text.xcconfig; name = Pods.xcconfig; path = Pods/Pods.xcconfig; sourceTree = "<group>"; };
		4812EEBBE7B54B4B9D8D5A0C /* libPods.a */ = {isa = PBXFileReference; explicitFileType = archive.ar; includeInIndex = 0; path = libPods.a; sourceTree = BUILT_PRODUCTS_DIR; };
		8E9620C9185AB4A40059B468 /* ChartViewController.h */ = {isa = PBXFileReference; fileEncoding = 4; lastKnownFileType = sourcecode.c.h; path = ChartViewController.h; sourceTree = "<group>"; };
		8E9620CA185AB4A40059B468 /* ChartViewController.m */ = {isa = PBXFileReference; fileEncoding = 4; lastKnownFileType = sourcecode.c.objc; path = ChartViewController.m; sourceTree = "<group>"; };
		8E9620DC185ADB220059B468 /* JBChartTableCell.h */ = {isa = PBXFileReference; fileEncoding = 4; lastKnownFileType = sourcecode.c.h; path = JBChartTableCell.h; sourceTree = "<group>"; };
		8E9620DD185ADB220059B468 /* JBChartTableCell.m */ = {isa = PBXFileReference; fileEncoding = 4; lastKnownFileType = sourcecode.c.objc; path = JBChartTableCell.m; sourceTree = "<group>"; };
		8E9620DF185ADB220059B468 /* JBBarChartFooterView.h */ = {isa = PBXFileReference; fileEncoding = 4; lastKnownFileType = sourcecode.c.h; path = JBBarChartFooterView.h; sourceTree = "<group>"; };
		8E9620E0185ADB220059B468 /* JBBarChartFooterView.m */ = {isa = PBXFileReference; fileEncoding = 4; lastKnownFileType = sourcecode.c.objc; path = JBBarChartFooterView.m; sourceTree = "<group>"; };
		8E9620E1185ADB220059B468 /* JBLineChartFooterView.h */ = {isa = PBXFileReference; fileEncoding = 4; lastKnownFileType = sourcecode.c.h; path = JBLineChartFooterView.h; sourceTree = "<group>"; };
		8E9620E2185ADB220059B468 /* JBLineChartFooterView.m */ = {isa = PBXFileReference; fileEncoding = 4; lastKnownFileType = sourcecode.c.objc; path = JBLineChartFooterView.m; sourceTree = "<group>"; };
		8E9620E4185ADB220059B468 /* JBChartHeaderView.h */ = {isa = PBXFileReference; fileEncoding = 4; lastKnownFileType = sourcecode.c.h; path = JBChartHeaderView.h; sourceTree = "<group>"; };
		8E9620E5185ADB220059B468 /* JBChartHeaderView.m */ = {isa = PBXFileReference; fileEncoding = 4; lastKnownFileType = sourcecode.c.objc; path = JBChartHeaderView.m; sourceTree = "<group>"; };
		8E9620EB185ADB410059B468 /* JBChartInformationView.h */ = {isa = PBXFileReference; fileEncoding = 4; lastKnownFileType = sourcecode.c.h; path = JBChartInformationView.h; sourceTree = "<group>"; };
		8E9620EC185ADB410059B468 /* JBChartInformationView.m */ = {isa = PBXFileReference; fileEncoding = 4; lastKnownFileType = sourcecode.c.objc; path = JBChartInformationView.m; sourceTree = "<group>"; };
		8E9620EF185ADB710059B468 /* JBColorConstants.h */ = {isa = PBXFileReference; fileEncoding = 4; lastKnownFileType = sourcecode.c.h; path = JBColorConstants.h; sourceTree = "<group>"; };
		8E9620F0185ADB710059B468 /* JBConstants.h */ = {isa = PBXFileReference; fileEncoding = 4; lastKnownFileType = sourcecode.c.h; path = JBConstants.h; sourceTree = "<group>"; };
		8E9620F1185ADB710059B468 /* JBFontConstants.h */ = {isa = PBXFileReference; fileEncoding = 4; lastKnownFileType = sourcecode.c.h; path = JBFontConstants.h; sourceTree = "<group>"; };
		8E9620F2185ADB710059B468 /* JBStringConstants.h */ = {isa = PBXFileReference; fileEncoding = 4; lastKnownFileType = sourcecode.c.h; path = JBStringConstants.h; sourceTree = "<group>"; };
		8E9620F3185ADB710059B468 /* JBUIConstants.h */ = {isa = PBXFileReference; fileEncoding = 4; lastKnownFileType = sourcecode.c.h; path = JBUIConstants.h; sourceTree = "<group>"; };
		8E9620F6185ADB8B0059B468 /* JBBaseNavigationController.h */ = {isa = PBXFileReference; fileEncoding = 4; lastKnownFileType = sourcecode.c.h; path = JBBaseNavigationController.h; sourceTree = "<group>"; };
		8E9620F7185ADB8B0059B468 /* JBBaseNavigationController.m */ = {isa = PBXFileReference; fileEncoding = 4; lastKnownFileType = sourcecode.c.objc; path = JBBaseNavigationController.m; sourceTree = "<group>"; };
		8E9620F8185ADB8B0059B468 /* JBBaseTableViewController.h */ = {isa = PBXFileReference; fileEncoding = 4; lastKnownFileType = sourcecode.c.h; path = JBBaseTableViewController.h; sourceTree = "<group>"; };
		8E9620F9185ADB8B0059B468 /* JBBaseTableViewController.m */ = {isa = PBXFileReference; fileEncoding = 4; lastKnownFileType = sourcecode.c.objc; path = JBBaseTableViewController.m; sourceTree = "<group>"; };
		8E9620FA185ADB8B0059B468 /* JBBaseViewController.h */ = {isa = PBXFileReference; fileEncoding = 4; lastKnownFileType = sourcecode.c.h; path = JBBaseViewController.h; sourceTree = "<group>"; };
		8E9620FB185ADB8B0059B468 /* JBBaseViewController.m */ = {isa = PBXFileReference; fileEncoding = 4; lastKnownFileType = sourcecode.c.objc; path = JBBaseViewController.m; sourceTree = "<group>"; };
		8E9620FC185ADB8B0059B468 /* JBBarChartViewController.h */ = {isa = PBXFileReference; fileEncoding = 4; lastKnownFileType = sourcecode.c.h; path = JBBarChartViewController.h; sourceTree = "<group>"; };
		8E9620FD185ADB8B0059B468 /* JBBarChartViewController.m */ = {isa = PBXFileReference; fileEncoding = 4; lastKnownFileType = sourcecode.c.objc; path = JBBarChartViewController.m; sourceTree = "<group>"; };
		8E9620FE185ADB8B0059B468 /* JBChartListViewController.h */ = {isa = PBXFileReference; fileEncoding = 4; lastKnownFileType = sourcecode.c.h; path = JBChartListViewController.h; sourceTree = "<group>"; };
		8E9620FF185ADB8B0059B468 /* JBChartListViewController.m */ = {isa = PBXFileReference; fileEncoding = 4; lastKnownFileType = sourcecode.c.objc; path = JBChartListViewController.m; sourceTree = "<group>"; };
		8E962100185ADB8B0059B468 /* JBLineChartViewController.h */ = {isa = PBXFileReference; fileEncoding = 4; lastKnownFileType = sourcecode.c.h; path = JBLineChartViewController.h; sourceTree = "<group>"; };
		8E962101185ADB8B0059B468 /* JBLineChartViewController.m */ = {isa = PBXFileReference; fileEncoding = 4; lastKnownFileType = sourcecode.c.objc; path = JBLineChartViewController.m; sourceTree = "<group>"; };
		8ED9361F18599BE9005DA655 /* PM250.app */ = {isa = PBXFileReference; explicitFileType = wrapper.application; includeInIndex = 0; path = PM250.app; sourceTree = BUILT_PRODUCTS_DIR; };
		8ED9362218599BE9005DA655 /* Foundation.framework */ = {isa = PBXFileReference; lastKnownFileType = wrapper.framework; name = Foundation.framework; path = System/Library/Frameworks/Foundation.framework; sourceTree = SDKROOT; };
		8ED9362418599BE9005DA655 /* CoreGraphics.framework */ = {isa = PBXFileReference; lastKnownFileType = wrapper.framework; name = CoreGraphics.framework; path = System/Library/Frameworks/CoreGraphics.framework; sourceTree = SDKROOT; };
		8ED9362618599BE9005DA655 /* UIKit.framework */ = {isa = PBXFileReference; lastKnownFileType = wrapper.framework; name = UIKit.framework; path = System/Library/Frameworks/UIKit.framework; sourceTree = SDKROOT; };
		8ED9362A18599BE9005DA655 /* PM250-Info.plist */ = {isa = PBXFileReference; lastKnownFileType = text.plist.xml; path = "PM250-Info.plist"; sourceTree = "<group>"; };
		8ED9362C18599BE9005DA655 /* en */ = {isa = PBXFileReference; lastKnownFileType = text.plist.strings; name = en; path = en.lproj/InfoPlist.strings; sourceTree = "<group>"; };
		8ED9362E18599BE9005DA655 /* main.m */ = {isa = PBXFileReference; lastKnownFileType = sourcecode.c.objc; path = main.m; sourceTree = "<group>"; };
		8ED9363018599BE9005DA655 /* PM250-Prefix.pch */ = {isa = PBXFileReference; lastKnownFileType = sourcecode.c.h; path = "PM250-Prefix.pch"; sourceTree = "<group>"; };
		8ED9363118599BE9005DA655 /* AppDelegate.h */ = {isa = PBXFileReference; lastKnownFileType = sourcecode.c.h; path = AppDelegate.h; sourceTree = "<group>"; };
		8ED9363218599BE9005DA655 /* AppDelegate.m */ = {isa = PBXFileReference; lastKnownFileType = sourcecode.c.objc; path = AppDelegate.m; sourceTree = "<group>"; };
		8ED9363518599BE9005DA655 /* Base */ = {isa = PBXFileReference; lastKnownFileType = file.storyboard; name = Base; path = Base.lproj/Main.storyboard; sourceTree = "<group>"; };
		8ED9363718599BE9005DA655 /* ViewController.h */ = {isa = PBXFileReference; lastKnownFileType = sourcecode.c.h; path = ViewController.h; sourceTree = "<group>"; };
		8ED9363818599BE9005DA655 /* ViewController.m */ = {isa = PBXFileReference; lastKnownFileType = sourcecode.c.objc; path = ViewController.m; sourceTree = "<group>"; };
		8ED9363A18599BE9005DA655 /* Images.xcassets */ = {isa = PBXFileReference; lastKnownFileType = folder.assetcatalog; path = Images.xcassets; sourceTree = "<group>"; };
		8ED9364018599BE9005DA655 /* PM250Tests.xctest */ = {isa = PBXFileReference; explicitFileType = wrapper.cfbundle; includeInIndex = 0; path = PM250Tests.xctest; sourceTree = BUILT_PRODUCTS_DIR; };
		8ED9364118599BE9005DA655 /* XCTest.framework */ = {isa = PBXFileReference; lastKnownFileType = wrapper.framework; name = XCTest.framework; path = Library/Frameworks/XCTest.framework; sourceTree = DEVELOPER_DIR; };
		8ED9364918599BE9005DA655 /* PM250Tests-Info.plist */ = {isa = PBXFileReference; lastKnownFileType = text.plist.xml; path = "PM250Tests-Info.plist"; sourceTree = "<group>"; };
		8ED9364B18599BE9005DA655 /* en */ = {isa = PBXFileReference; lastKnownFileType = text.plist.strings; name = en; path = en.lproj/InfoPlist.strings; sourceTree = "<group>"; };
		8ED9364D18599BE9005DA655 /* PM250Tests.m */ = {isa = PBXFileReference; lastKnownFileType = sourcecode.c.objc; path = PM250Tests.m; sourceTree = "<group>"; };
/* End PBXFileReference section */

/* Begin PBXFrameworksBuildPhase section */
		8ED9361C18599BE9005DA655 /* Frameworks */ = {
			isa = PBXFrameworksBuildPhase;
			buildActionMask = 2147483647;
			files = (
				8ED9362518599BE9005DA655 /* CoreGraphics.framework in Frameworks */,
				8ED9362718599BE9005DA655 /* UIKit.framework in Frameworks */,
				8ED9362318599BE9005DA655 /* Foundation.framework in Frameworks */,
				7284046D885B4B75A25D2FDA /* libPods.a in Frameworks */,
			);
			runOnlyForDeploymentPostprocessing = 0;
		};
		8ED9363D18599BE9005DA655 /* Frameworks */ = {
			isa = PBXFrameworksBuildPhase;
			buildActionMask = 2147483647;
			files = (
				8ED9364218599BE9005DA655 /* XCTest.framework in Frameworks */,
				8ED9364418599BE9005DA655 /* UIKit.framework in Frameworks */,
				8ED9364318599BE9005DA655 /* Foundation.framework in Frameworks */,
			);
			runOnlyForDeploymentPostprocessing = 0;
		};
/* End PBXFrameworksBuildPhase section */

/* Begin PBXGroup section */
		8E9620DB185ADB220059B468 /* Cells */ = {
			isa = PBXGroup;
			children = (
				8E9620DC185ADB220059B468 /* JBChartTableCell.h */,
				8E9620DD185ADB220059B468 /* JBChartTableCell.m */,
			);
			path = Cells;
			sourceTree = "<group>";
		};
		8E9620DE185ADB220059B468 /* Footers */ = {
			isa = PBXGroup;
			children = (
				8E9620DF185ADB220059B468 /* JBBarChartFooterView.h */,
				8E9620E0185ADB220059B468 /* JBBarChartFooterView.m */,
				8E9620E1185ADB220059B468 /* JBLineChartFooterView.h */,
				8E9620E2185ADB220059B468 /* JBLineChartFooterView.m */,
			);
			path = Footers;
			sourceTree = "<group>";
		};
		8E9620E3185ADB220059B468 /* Headers */ = {
			isa = PBXGroup;
			children = (
				8E9620E4185ADB220059B468 /* JBChartHeaderView.h */,
				8E9620E5185ADB220059B468 /* JBChartHeaderView.m */,
			);
			path = Headers;
			sourceTree = "<group>";
		};
		8E9620EA185ADB410059B468 /* Misc */ = {
			isa = PBXGroup;
			children = (
				8E9620EB185ADB410059B468 /* JBChartInformationView.h */,
				8E9620EC185ADB410059B468 /* JBChartInformationView.m */,
			);
			path = Misc;
			sourceTree = "<group>";
		};
		8E9620EE185ADB710059B468 /* Constants */ = {
			isa = PBXGroup;
			children = (
				8E9620EF185ADB710059B468 /* JBColorConstants.h */,
				8E9620F0185ADB710059B468 /* JBConstants.h */,
				8E9620F1185ADB710059B468 /* JBFontConstants.h */,
				8E9620F2185ADB710059B468 /* JBStringConstants.h */,
				8E9620F3185ADB710059B468 /* JBUIConstants.h */,
			);
			path = Constants;
			sourceTree = "<group>";
		};
		8E9620F4185ADB8B0059B468 /* Controllers */ = {
			isa = PBXGroup;
			children = (
				8E9620F5185ADB8B0059B468 /* Base */,
				8E9620FC185ADB8B0059B468 /* JBBarChartViewController.h */,
				8E9620FD185ADB8B0059B468 /* JBBarChartViewController.m */,
				8E9620FE185ADB8B0059B468 /* JBChartListViewController.h */,
				8E9620FF185ADB8B0059B468 /* JBChartListViewController.m */,
				8E962100185ADB8B0059B468 /* JBLineChartViewController.h */,
				8E962101185ADB8B0059B468 /* JBLineChartViewController.m */,
			);
			path = Controllers;
			sourceTree = "<group>";
		};
		8E9620F5185ADB8B0059B468 /* Base */ = {
			isa = PBXGroup;
			children = (
				8E9620F6185ADB8B0059B468 /* JBBaseNavigationController.h */,
				8E9620F7185ADB8B0059B468 /* JBBaseNavigationController.m */,
				8E9620F8185ADB8B0059B468 /* JBBaseTableViewController.h */,
				8E9620F9185ADB8B0059B468 /* JBBaseTableViewController.m */,
				8E9620FA185ADB8B0059B468 /* JBBaseViewController.h */,
				8E9620FB185ADB8B0059B468 /* JBBaseViewController.m */,
			);
			path = Base;
			sourceTree = "<group>";
		};
		8E962102185ADB8B0059B468 /* Delegate */ = {
			isa = PBXGroup;
			children = (
			);
			path = Delegate;
			sourceTree = "<group>";
		};
		8ED9361618599BE9005DA655 = {
			isa = PBXGroup;
			children = (
				8ED9362818599BE9005DA655 /* PM250 */,
				8ED9364718599BE9005DA655 /* PM250Tests */,
				8ED9362118599BE9005DA655 /* Frameworks */,
				8ED9362018599BE9005DA655 /* Products */,
				3F2F90F0B2424E5C8D1D00B6 /* Pods.xcconfig */,
			);
			sourceTree = "<group>";
		};
		8ED9362018599BE9005DA655 /* Products */ = {
			isa = PBXGroup;
			children = (
				8ED9361F18599BE9005DA655 /* PM250.app */,
				8ED9364018599BE9005DA655 /* PM250Tests.xctest */,
			);
			name = Products;
			sourceTree = "<group>";
		};
		8ED9362118599BE9005DA655 /* Frameworks */ = {
			isa = PBXGroup;
			children = (
				8ED9362218599BE9005DA655 /* Foundation.framework */,
				8ED9362418599BE9005DA655 /* CoreGraphics.framework */,
				8ED9362618599BE9005DA655 /* UIKit.framework */,
				8ED9364118599BE9005DA655 /* XCTest.framework */,
				4812EEBBE7B54B4B9D8D5A0C /* libPods.a */,
			);
			name = Frameworks;
			sourceTree = "<group>";
		};
		8ED9362818599BE9005DA655 /* PM250 */ = {
			isa = PBXGroup;
			children = (
				8E9620F4185ADB8B0059B468 /* Controllers */,
				8E962102185ADB8B0059B468 /* Delegate */,
				8E9620EE185ADB710059B468 /* Constants */,
				8E9620EA185ADB410059B468 /* Misc */,
				8E9620DB185ADB220059B468 /* Cells */,
				8E9620DE185ADB220059B468 /* Footers */,
				8E9620E3185ADB220059B468 /* Headers */,
				8ED9363118599BE9005DA655 /* AppDelegate.h */,
				8ED9363218599BE9005DA655 /* AppDelegate.m */,
				8ED9363418599BE9005DA655 /* Main.storyboard */,
				8ED9363718599BE9005DA655 /* ViewController.h */,
				8ED9363818599BE9005DA655 /* ViewController.m */,
				8E9620C9185AB4A40059B468 /* ChartViewController.h */,
				8E9620CA185AB4A40059B468 /* ChartViewController.m */,
				8ED9363A18599BE9005DA655 /* Images.xcassets */,
				8ED9362918599BE9005DA655 /* Supporting Files */,
			);
			path = PM250;
			sourceTree = "<group>";
		};
		8ED9362918599BE9005DA655 /* Supporting Files */ = {
			isa = PBXGroup;
			children = (
				8ED9362A18599BE9005DA655 /* PM250-Info.plist */,
				8ED9362B18599BE9005DA655 /* InfoPlist.strings */,
				8ED9362E18599BE9005DA655 /* main.m */,
				8ED9363018599BE9005DA655 /* PM250-Prefix.pch */,
			);
			name = "Supporting Files";
			sourceTree = "<group>";
		};
		8ED9364718599BE9005DA655 /* PM250Tests */ = {
			isa = PBXGroup;
			children = (
				8ED9364D18599BE9005DA655 /* PM250Tests.m */,
				8ED9364818599BE9005DA655 /* Supporting Files */,
			);
			path = PM250Tests;
			sourceTree = "<group>";
		};
		8ED9364818599BE9005DA655 /* Supporting Files */ = {
			isa = PBXGroup;
			children = (
				8ED9364918599BE9005DA655 /* PM250Tests-Info.plist */,
				8ED9364A18599BE9005DA655 /* InfoPlist.strings */,
			);
			name = "Supporting Files";
			sourceTree = "<group>";
		};
/* End PBXGroup section */

/* Begin PBXNativeTarget section */
		8ED9361E18599BE9005DA655 /* PM250 */ = {
			isa = PBXNativeTarget;
			buildConfigurationList = 8ED9365118599BE9005DA655 /* Build configuration list for PBXNativeTarget "PM250" */;
			buildPhases = (
				8E0A5E82AC054FDBBC5D24C6 /* Check Pods Manifest.lock */,
				8ED9361B18599BE9005DA655 /* Sources */,
				8ED9361C18599BE9005DA655 /* Frameworks */,
				8ED9361D18599BE9005DA655 /* Resources */,
				A9109B7C966C4DE0B8864F20 /* Copy Pods Resources */,
			);
			buildRules = (
			);
			dependencies = (
			);
			name = PM250;
			productName = PM250;
			productReference = 8ED9361F18599BE9005DA655 /* PM250.app */;
			productType = "com.apple.product-type.application";
		};
		8ED9363F18599BE9005DA655 /* PM250Tests */ = {
			isa = PBXNativeTarget;
			buildConfigurationList = 8ED9365418599BE9005DA655 /* Build configuration list for PBXNativeTarget "PM250Tests" */;
			buildPhases = (
				8ED9363C18599BE9005DA655 /* Sources */,
				8ED9363D18599BE9005DA655 /* Frameworks */,
				8ED9363E18599BE9005DA655 /* Resources */,
			);
			buildRules = (
			);
			dependencies = (
				8ED9364618599BE9005DA655 /* PBXTargetDependency */,
			);
			name = PM250Tests;
			productName = PM250Tests;
			productReference = 8ED9364018599BE9005DA655 /* PM250Tests.xctest */;
			productType = "com.apple.product-type.bundle.unit-test";
		};
/* End PBXNativeTarget section */

/* Begin PBXProject section */
		8ED9361718599BE9005DA655 /* Project object */ = {
			isa = PBXProject;
			attributes = {
				LastUpgradeCheck = 0500;
				ORGANIZATIONNAME = CaoNiMei;
				TargetAttributes = {
					8ED9363F18599BE9005DA655 = {
						TestTargetID = 8ED9361E18599BE9005DA655;
					};
				};
			};
			buildConfigurationList = 8ED9361A18599BE9005DA655 /* Build configuration list for PBXProject "PM250" */;
			compatibilityVersion = "Xcode 3.2";
			developmentRegion = English;
			hasScannedForEncodings = 0;
			knownRegions = (
				en,
				Base,
			);
			mainGroup = 8ED9361618599BE9005DA655;
			productRefGroup = 8ED9362018599BE9005DA655 /* Products */;
			projectDirPath = "";
			projectRoot = "";
			targets = (
				8ED9361E18599BE9005DA655 /* PM250 */,
				8ED9363F18599BE9005DA655 /* PM250Tests */,
			);
		};
/* End PBXProject section */

/* Begin PBXResourcesBuildPhase section */
		8ED9361D18599BE9005DA655 /* Resources */ = {
			isa = PBXResourcesBuildPhase;
			buildActionMask = 2147483647;
			files = (
				8ED9363B18599BE9005DA655 /* Images.xcassets in Resources */,
				8ED9362D18599BE9005DA655 /* InfoPlist.strings in Resources */,
				8ED9363618599BE9005DA655 /* Main.storyboard in Resources */,
			);
			runOnlyForDeploymentPostprocessing = 0;
		};
		8ED9363E18599BE9005DA655 /* Resources */ = {
			isa = PBXResourcesBuildPhase;
			buildActionMask = 2147483647;
			files = (
				8ED9364C18599BE9005DA655 /* InfoPlist.strings in Resources */,
			);
			runOnlyForDeploymentPostprocessing = 0;
		};
/* End PBXResourcesBuildPhase section */

/* Begin PBXShellScriptBuildPhase section */
		8E0A5E82AC054FDBBC5D24C6 /* Check Pods Manifest.lock */ = {
			isa = PBXShellScriptBuildPhase;
			buildActionMask = 2147483647;
			files = (
			);
			inputPaths = (
			);
			name = "Check Pods Manifest.lock";
			outputPaths = (
			);
			runOnlyForDeploymentPostprocessing = 0;
			shellPath = /bin/sh;
			shellScript = "diff \"${PODS_ROOT}/../Podfile.lock\" \"${PODS_ROOT}/Manifest.lock\" > /dev/null\nif [[ $? != 0 ]] ; then\n    cat << EOM\nerror: The sandbox is not in sync with the Podfile.lock. Run 'pod install' or update your CocoaPods installation.\nEOM\n    exit 1\nfi\n";
			showEnvVarsInLog = 0;
		};
		A9109B7C966C4DE0B8864F20 /* Copy Pods Resources */ = {
			isa = PBXShellScriptBuildPhase;
			buildActionMask = 2147483647;
			files = (
			);
			inputPaths = (
			);
			name = "Copy Pods Resources";
			outputPaths = (
			);
			runOnlyForDeploymentPostprocessing = 0;
			shellPath = /bin/sh;
			shellScript = "\"${SRCROOT}/Pods/Pods-resources.sh\"\n";
			showEnvVarsInLog = 0;
		};
/* End PBXShellScriptBuildPhase section */

/* Begin PBXSourcesBuildPhase section */
		8ED9361B18599BE9005DA655 /* Sources */ = {
			isa = PBXSourcesBuildPhase;
			buildActionMask = 2147483647;
			files = (
				8ED9363918599BE9005DA655 /* ViewController.m in Sources */,
				8E9620CB185AB4A40059B468 /* ChartViewController.m in Sources */,
				8E962106185ADB8B0059B468 /* JBBaseTableViewController.m in Sources */,
				8E96210A185ADB8B0059B468 /* JBLineChartViewController.m in Sources */,
				8ED9363318599BE9005DA655 /* AppDelegate.m in Sources */,
				8E9620E8185ADB220059B468 /* JBLineChartFooterView.m in Sources */,
				8E962105185ADB8B0059B468 /* JBBaseNavigationController.m in Sources */,
				8E9620E6185ADB220059B468 /* JBChartTableCell.m in Sources */,
				8E9620E7185ADB220059B468 /* JBBarChartFooterView.m in Sources */,
				8E9620E9185ADB220059B468 /* JBChartHeaderView.m in Sources */,
				8ED9362F18599BE9005DA655 /* main.m in Sources */,
				8E9620ED185ADB410059B468 /* JBChartInformationView.m in Sources */,
				8E962107185ADB8B0059B468 /* JBBaseViewController.m in Sources */,
				8E962108185ADB8B0059B468 /* JBBarChartViewController.m in Sources */,
				8E962109185ADB8B0059B468 /* JBChartListViewController.m in Sources */,
			);
			runOnlyForDeploymentPostprocessing = 0;
		};
		8ED9363C18599BE9005DA655 /* Sources */ = {
			isa = PBXSourcesBuildPhase;
			buildActionMask = 2147483647;
			files = (
				8ED9364E18599BE9005DA655 /* PM250Tests.m in Sources */,
			);
			runOnlyForDeploymentPostprocessing = 0;
		};
/* End PBXSourcesBuildPhase section */

/* Begin PBXTargetDependency section */
		8ED9364618599BE9005DA655 /* PBXTargetDependency */ = {
			isa = PBXTargetDependency;
			target = 8ED9361E18599BE9005DA655 /* PM250 */;
			targetProxy = 8ED9364518599BE9005DA655 /* PBXContainerItemProxy */;
		};
/* End PBXTargetDependency section */

/* Begin PBXVariantGroup section */
		8ED9362B18599BE9005DA655 /* InfoPlist.strings */ = {
			isa = PBXVariantGroup;
			children = (
				8ED9362C18599BE9005DA655 /* en */,
			);
			name = InfoPlist.strings;
			sourceTree = "<group>";
		};
		8ED9363418599BE9005DA655 /* Main.storyboard */ = {
			isa = PBXVariantGroup;
			children = (
				8ED9363518599BE9005DA655 /* Base */,
			);
			name = Main.storyboard;
			sourceTree = "<group>";
		};
		8ED9364A18599BE9005DA655 /* InfoPlist.strings */ = {
			isa = PBXVariantGroup;
			children = (
				8ED9364B18599BE9005DA655 /* en */,
			);
			name = InfoPlist.strings;
			sourceTree = "<group>";
		};
/* End PBXVariantGroup section */

/* Begin XCBuildConfiguration section */
		8ED9364F18599BE9005DA655 /* Debug */ = {
			isa = XCBuildConfiguration;
			buildSettings = {
				ALWAYS_SEARCH_USER_PATHS = NO;
				ARCHS = "$(ARCHS_STANDARD_INCLUDING_64_BIT)";
				CLANG_CXX_LANGUAGE_STANDARD = "gnu++0x";
				CLANG_CXX_LIBRARY = "libc++";
				CLANG_ENABLE_MODULES = YES;
				CLANG_ENABLE_OBJC_ARC = YES;
				CLANG_WARN_BOOL_CONVERSION = YES;
				CLANG_WARN_CONSTANT_CONVERSION = YES;
				CLANG_WARN_DIRECT_OBJC_ISA_USAGE = YES_ERROR;
				CLANG_WARN_EMPTY_BODY = YES;
				CLANG_WARN_ENUM_CONVERSION = YES;
				CLANG_WARN_INT_CONVERSION = YES;
				CLANG_WARN_OBJC_ROOT_CLASS = YES_ERROR;
				CLANG_WARN__DUPLICATE_METHOD_MATCH = YES;
				"CODE_SIGN_IDENTITY[sdk=iphoneos*]" = "iPhone Developer";
				COPY_PHASE_STRIP = NO;
				GCC_C_LANGUAGE_STANDARD = gnu99;
				GCC_DYNAMIC_NO_PIC = NO;
				GCC_OPTIMIZATION_LEVEL = 0;
				GCC_PREPROCESSOR_DEFINITIONS = (
					"DEBUG=1",
					"$(inherited)",
				);
				GCC_SYMBOLS_PRIVATE_EXTERN = NO;
				GCC_WARN_64_TO_32_BIT_CONVERSION = YES;
				GCC_WARN_ABOUT_RETURN_TYPE = YES_ERROR;
				GCC_WARN_UNDECLARED_SELECTOR = YES;
				GCC_WARN_UNINITIALIZED_AUTOS = YES;
				GCC_WARN_UNUSED_FUNCTION = YES;
				GCC_WARN_UNUSED_VARIABLE = YES;
				IPHONEOS_DEPLOYMENT_TARGET = 7.0;
				ONLY_ACTIVE_ARCH = YES;
				SDKROOT = iphoneos;
			};
			name = Debug;
		};
		8ED9365018599BE9005DA655 /* Release */ = {
			isa = XCBuildConfiguration;
			buildSettings = {
				ALWAYS_SEARCH_USER_PATHS = NO;
				ARCHS = "$(ARCHS_STANDARD_INCLUDING_64_BIT)";
				CLANG_CXX_LANGUAGE_STANDARD = "gnu++0x";
				CLANG_CXX_LIBRARY = "libc++";
				CLANG_ENABLE_MODULES = YES;
				CLANG_ENABLE_OBJC_ARC = YES;
				CLANG_WARN_BOOL_CONVERSION = YES;
				CLANG_WARN_CONSTANT_CONVERSION = YES;
				CLANG_WARN_DIRECT_OBJC_ISA_USAGE = YES_ERROR;
				CLANG_WARN_EMPTY_BODY = YES;
				CLANG_WARN_ENUM_CONVERSION = YES;
				CLANG_WARN_INT_CONVERSION = YES;
				CLANG_WARN_OBJC_ROOT_CLASS = YES_ERROR;
				CLANG_WARN__DUPLICATE_METHOD_MATCH = YES;
				"CODE_SIGN_IDENTITY[sdk=iphoneos*]" = "iPhone Developer";
				COPY_PHASE_STRIP = YES;
				ENABLE_NS_ASSERTIONS = NO;
				GCC_C_LANGUAGE_STANDARD = gnu99;
				GCC_WARN_64_TO_32_BIT_CONVERSION = YES;
				GCC_WARN_ABOUT_RETURN_TYPE = YES_ERROR;
				GCC_WARN_UNDECLARED_SELECTOR = YES;
				GCC_WARN_UNINITIALIZED_AUTOS = YES;
				GCC_WARN_UNUSED_FUNCTION = YES;
				GCC_WARN_UNUSED_VARIABLE = YES;
				IPHONEOS_DEPLOYMENT_TARGET = 7.0;
				SDKROOT = iphoneos;
				VALIDATE_PRODUCT = YES;
			};
			name = Release;
		};
		8ED9365218599BE9005DA655 /* Debug */ = {
			isa = XCBuildConfiguration;
			baseConfigurationReference = 3F2F90F0B2424E5C8D1D00B6 /* Pods.xcconfig */;
			buildSettings = {
				ASSETCATALOG_COMPILER_APPICON_NAME = AppIcon;
				ASSETCATALOG_COMPILER_LAUNCHIMAGE_NAME = LaunchImage;
				GCC_PRECOMPILE_PREFIX_HEADER = YES;
				GCC_PREFIX_HEADER = "PM250/PM250-Prefix.pch";
				INFOPLIST_FILE = "PM250/PM250-Info.plist";
				PRODUCT_NAME = "$(TARGET_NAME)";
				WRAPPER_EXTENSION = app;
			};
			name = Debug;
		};
		8ED9365318599BE9005DA655 /* Release */ = {
			isa = XCBuildConfiguration;
			baseConfigurationReference = 3F2F90F0B2424E5C8D1D00B6 /* Pods.xcconfig */;
			buildSettings = {
				ASSETCATALOG_COMPILER_APPICON_NAME = AppIcon;
				ASSETCATALOG_COMPILER_LAUNCHIMAGE_NAME = LaunchImage;
				GCC_PRECOMPILE_PREFIX_HEADER = YES;
				GCC_PREFIX_HEADER = "PM250/PM250-Prefix.pch";
				INFOPLIST_FILE = "PM250/PM250-Info.plist";
				PRODUCT_NAME = "$(TARGET_NAME)";
				WRAPPER_EXTENSION = app;
			};
			name = Release;
		};
		8ED9365518599BE9005DA655 /* Debug */ = {
			isa = XCBuildConfiguration;
			buildSettings = {
				ARCHS = "$(ARCHS_STANDARD_INCLUDING_64_BIT)";
				BUNDLE_LOADER = "$(BUILT_PRODUCTS_DIR)/PM250.app/PM250";
				FRAMEWORK_SEARCH_PATHS = (
					"$(SDKROOT)/Developer/Library/Frameworks",
					"$(inherited)",
					"$(DEVELOPER_FRAMEWORKS_DIR)",
				);
				GCC_PRECOMPILE_PREFIX_HEADER = YES;
				GCC_PREFIX_HEADER = "PM250/PM250-Prefix.pch";
				GCC_PREPROCESSOR_DEFINITIONS = (
					"DEBUG=1",
					"$(inherited)",
				);
				INFOPLIST_FILE = "PM250Tests/PM250Tests-Info.plist";
				PRODUCT_NAME = "$(TARGET_NAME)";
				TEST_HOST = "$(BUNDLE_LOADER)";
				WRAPPER_EXTENSION = xctest;
			};
			name = Debug;
		};
		8ED9365618599BE9005DA655 /* Release */ = {
			isa = XCBuildConfiguration;
			buildSettings = {
				ARCHS = "$(ARCHS_STANDARD_INCLUDING_64_BIT)";
				BUNDLE_LOADER = "$(BUILT_PRODUCTS_DIR)/PM250.app/PM250";
				FRAMEWORK_SEARCH_PATHS = (
					"$(SDKROOT)/Developer/Library/Frameworks",
					"$(inherited)",
					"$(DEVELOPER_FRAMEWORKS_DIR)",
				);
				GCC_PRECOMPILE_PREFIX_HEADER = YES;
				GCC_PREFIX_HEADER = "PM250/PM250-Prefix.pch";
				INFOPLIST_FILE = "PM250Tests/PM250Tests-Info.plist";
				PRODUCT_NAME = "$(TARGET_NAME)";
				TEST_HOST = "$(BUNDLE_LOADER)";
				WRAPPER_EXTENSION = xctest;
			};
			name = Release;
		};
/* End XCBuildConfiguration section */

/* Begin XCConfigurationList section */
		8ED9361A18599BE9005DA655 /* Build configuration list for PBXProject "PM250" */ = {
			isa = XCConfigurationList;
			buildConfigurations = (
				8ED9364F18599BE9005DA655 /* Debug */,
				8ED9365018599BE9005DA655 /* Release */,
			);
			defaultConfigurationIsVisible = 0;
			defaultConfigurationName = Release;
		};
		8ED9365118599BE9005DA655 /* Build configuration list for PBXNativeTarget "PM250" */ = {
			isa = XCConfigurationList;
			buildConfigurations = (
				8ED9365218599BE9005DA655 /* Debug */,
				8ED9365318599BE9005DA655 /* Release */,
			);
			defaultConfigurationIsVisible = 0;
			defaultConfigurationName = Release;
		};
		8ED9365418599BE9005DA655 /* Build configuration list for PBXNativeTarget "PM250Tests" */ = {
			isa = XCConfigurationList;
			buildConfigurations = (
				8ED9365518599BE9005DA655 /* Debug */,
				8ED9365618599BE9005DA655 /* Release */,
			);
			defaultConfigurationIsVisible = 0;
			defaultConfigurationName = Release;
		};
/* End XCConfigurationList section */
	};
	rootObject = 8ED9361718599BE9005DA655 /* Project object */;
}
